
Microsoft Visual Studio Solution File, Format Version 12.00
# Visual Studio Version 17
VisualStudioVersion = 17.0.31912.275
MinimumVisualStudioVersion = 10.0.40219.1
Project("{8BC9CEB8-8B4A-11D0-8D11-00A0C91BC942}") = "3.01 limits", "3.1 limits\3.1 limits.vcxproj", "{A3923229-A708-41DF-963F-451EDD0E5D86}"
EndProject
Project("{8BC9CEB8-8B4A-11D0-8D11-00A0C91BC942}") = "3.02 exceed", "3.2 exceed\3.2 exceed.vcxproj", "{B573EE36-77F2-4920-80C8-3EB13C33B92D}"
EndProject
Project("{8BC9CEB8-8B4A-11D0-8D11-00A0C91BC942}") = "3.03 hexoct1", "3.3 hexoct1\3.3 hexoct1.vcxproj", "{418E1CCC-BBBB-4E50-AD87-E8EC386A80B4}"
EndProject
Project("{8BC9CEB8-8B4A-11D0-8D11-00A0C91BC942}") = "3.04 hexoct2", "3.4 hexoct2\3.4 hexoct2.vcxproj", "{F1DD4706-78B5-4C9A-A21C-1B03F58CFE77}"
EndProject
Project("{8BC9CEB8-8B4A-11D0-8D11-00A0C91BC942}") = "3.05 chartype", "3.5 chartype\3.5 chartype.vcxproj", "{B300BD83-CA44-497D-9013-FCDD5700A048}"
EndProject
Project("{8BC9CEB8-8B4A-11D0-8D11-00A0C91BC942}") = "3.06 morechar", "3.6 morechar\3.6 morechar.vcxproj", "{D868FEC5-9CF8-4EA1-A807-A3959364022C}"
EndProject
Project("{8BC9CEB8-8B4A-11D0-8D11-00A0C91BC942}") = "3.07 bondini", "3.7 bondini\3.7 bondini.vcxproj", "{71C9C35D-9685-42AF-992C-5BEAA26D913F}"
EndProject
Project("{8BC9CEB8-8B4A-11D0-8D11-00A0C91BC942}") = "3.08 floatnum", "3.8 floatnum\3.8 floatnum.vcxproj", "{4720BA09-5D8D-4879-9680-A48271B3AA01}"
EndProject
Project("{8BC9CEB8-8B4A-11D0-8D11-00A0C91BC942}") = "3.09 fltadd", "3.9 fltadd\3.9 fltadd.vcxproj", "{0C13FCB7-51ED-4DCA-96FB-C1AEF70CC9DD}"
EndProject
Project("{8BC9CEB8-8B4A-11D0-8D11-00A0C91BC942}") = "3.10 arith", "3.10 arith\3.10 arith.vcxproj", "{FD012AEE-9F45-4A56-925B-2DE8132886A5}"
EndProject
Project("{8BC9CEB8-8B4A-11D0-8D11-00A0C91BC942}") = "3.11 divide", "3.11 divide\3.11 divide.vcxproj", "{1FEDBFAB-362E-4C2E-999B-10F819658695}"
EndProject
Project("{8BC9CEB8-8B4A-11D0-8D11-00A0C91BC942}") = "3.12 modulus", "3.12 modulus\3.12 modulus.vcxproj", "{A70E6D9A-7695-41C7-8614-F847BA9C16CE}"
EndProject
Project("{8BC9CEB8-8B4A-11D0-8D11-00A0C91BC942}") = "3.13 assign", "3.13 assign\3.13 assign.vcxproj", "{A5C19D46-99BD-4CB7-B0D8-826D08A314BC}"
EndProject
Project("{8BC9CEB8-8B4A-11D0-8D11-00A0C91BC942}") = "3.14 typecast", "3.14 typecast\3.14 typecast.vcxproj", "{CE828B14-C034-4A4B-B7AA-2BB003DEA259}"
EndProject
Global
	GlobalSection(SolutionConfigurationPlatforms) = preSolution
		Debug|Any CPU = Debug|Any CPU
		Debug|x64 = Debug|x64
		Debug|x86 = Debug|x86
		Release|Any CPU = Release|Any CPU
		Release|x64 = Release|x64
		Release|x86 = Release|x86
	EndGlobalSection
	GlobalSection(ProjectConfigurationPlatforms) = postSolution
		{A3923229-A708-41DF-963F-451EDD0E5D86}.Debug|Any CPU.ActiveCfg = Debug|x64
		{A3923229-A708-41DF-963F-451EDD0E5D86}.Debug|Any CPU.Build.0 = Debug|x64
		{A3923229-A708-41DF-963F-451EDD0E5D86}.Debug|x64.ActiveCfg = Debug|x64
		{A3923229-A708-41DF-963F-451EDD0E5D86}.Debug|x64.Build.0 = Debug|x64
		{A3923229-A708-41DF-963F-451EDD0E5D86}.Debug|x86.ActiveCfg = Debug|Win32
		{A3923229-A708-41DF-963F-451EDD0E5D86}.Debug|x86.Build.0 = Debug|Win32
		{A3923229-A708-41DF-963F-451EDD0E5D86}.Release|Any CPU.ActiveCfg = Release|x64
		{A3923229-A708-41DF-963F-451EDD0E5D86}.Release|Any CPU.Build.0 = Release|x64
		{A3923229-A708-41DF-963F-451EDD0E5D86}.Release|x64.ActiveCfg = Release|x64
		{A3923229-A708-41DF-963F-451EDD0E5D86}.Release|x64.Build.0 = Release|x64
		{A3923229-A708-41DF-963F-451EDD0E5D86}.Release|x86.ActiveCfg = Release|Win32
		{A3923229-A708-41DF-963F-451EDD0E5D86}.Release|x86.Build.0 = Release|Win32
		{B573EE36-77F2-4920-80C8-3EB13C33B92D}.Debug|Any CPU.ActiveCfg = Debug|x64
		{B573EE36-77F2-4920-80C8-3EB13C33B92D}.Debug|Any CPU.Build.0 = Debug|x64
		{B573EE36-77F2-4920-80C8-3EB13C33B92D}.Debug|x64.ActiveCfg = Debug|x64
		{B573EE36-77F2-4920-80C8-3EB13C33B92D}.Debug|x64.Build.0 = Debug|x64
		{B573EE36-77F2-4920-80C8-3EB13C33B92D}.Debug|x86.ActiveCfg = Debug|Win32
		{B573EE36-77F2-4920-80C8-3EB13C33B92D}.Debug|x86.Build.0 = Debug|Win32
		{B573EE36-77F2-4920-80C8-3EB13C33B92D}.Release|Any CPU.ActiveCfg = Release|x64
		{B573EE36-77F2-4920-80C8-3EB13C33B92D}.Release|Any CPU.Build.0 = Release|x64
		{B573EE36-77F2-4920-80C8-3EB13C33B92D}.Release|x64.ActiveCfg = Release|x64
		{B573EE36-77F2-4920-80C8-3EB13C33B92D}.Release|x64.Build.0 = Release|x64
		{B573EE36-77F2-4920-80C8-3EB13C33B92D}.Release|x86.ActiveCfg = Release|Win32
		{B573EE36-77F2-4920-80C8-3EB13C33B92D}.Release|x86.Build.0 = Release|Win32
		{418E1CCC-BBBB-4E50-AD87-E8EC386A80B4}.Debug|Any CPU.ActiveCfg = Debug|x64
		{418E1CCC-BBBB-4E50-AD87-E8EC386A80B4}.Debug|Any CPU.Build.0 = Debug|x64
		{418E1CCC-BBBB-4E50-AD87-E8EC386A80B4}.Debug|x64.ActiveCfg = Debug|x64
		{418E1CCC-BBBB-4E50-AD87-E8EC386A80B4}.Debug|x64.Build.0 = Debug|x64
		{418E1CCC-BBBB-4E50-AD87-E8EC386A80B4}.Debug|x86.ActiveCfg = Debug|Win32
		{418E1CCC-BBBB-4E50-AD87-E8EC386A80B4}.Debug|x86.Build.0 = Debug|Win32
		{418E1CCC-BBBB-4E50-AD87-E8EC386A80B4}.Release|Any CPU.ActiveCfg = Release|x64
		{418E1CCC-BBBB-4E50-AD87-E8EC386A80B4}.Release|Any CPU.Build.0 = Release|x64
		{418E1CCC-BBBB-4E50-AD87-E8EC386A80B4}.Release|x64.ActiveCfg = Release|x64
		{418E1CCC-BBBB-4E50-AD87-E8EC386A80B4}.Release|x64.Build.0 = Release|x64
		{418E1CCC-BBBB-4E50-AD87-E8EC386A80B4}.Release|x86.ActiveCfg = Release|Win32
		{418E1CCC-BBBB-4E50-AD87-E8EC386A80B4}.Release|x86.Build.0 = Release|Win32
		{F1DD4706-78B5-4C9A-A21C-1B03F58CFE77}.Debug|Any CPU.ActiveCfg = Debug|x64
		{F1DD4706-78B5-4C9A-A21C-1B03F58CFE77}.Debug|Any CPU.Build.0 = Debug|x64
		{F1DD4706-78B5-4C9A-A21C-1B03F58CFE77}.Debug|x64.ActiveCfg = Debug|x64
		{F1DD4706-78B5-4C9A-A21C-1B03F58CFE77}.Debug|x64.Build.0 = Debug|x64
		{F1DD4706-78B5-4C9A-A21C-1B03F58CFE77}.Debug|x86.ActiveCfg = Debug|Win32
		{F1DD4706-78B5-4C9A-A21C-1B03F58CFE77}.Debug|x86.Build.0 = Debug|Win32
		{F1DD4706-78B5-4C9A-A21C-1B03F58CFE77}.Release|Any CPU.ActiveCfg = Release|x64
		{F1DD4706-78B5-4C9A-A21C-1B03F58CFE77}.Release|Any CPU.Build.0 = Release|x64
		{F1DD4706-78B5-4C9A-A21C-1B03F58CFE77}.Release|x64.ActiveCfg = Release|x64
		{F1DD4706-78B5-4C9A-A21C-1B03F58CFE77}.Release|x64.Build.0 = Release|x64
		{F1DD4706-78B5-4C9A-A21C-1B03F58CFE77}.Release|x86.ActiveCfg = Release|Win32
		{F1DD4706-78B5-4C9A-A21C-1B03F58CFE77}.Release|x86.Build.0 = Release|Win32
		{B300BD83-CA44-497D-9013-FCDD5700A048}.Debug|Any CPU.ActiveCfg = Debug|x64
		{B300BD83-CA44-497D-9013-FCDD5700A048}.Debug|Any CPU.Build.0 = Debug|x64
		{B300BD83-CA44-497D-9013-FCDD5700A048}.Debug|x64.ActiveCfg = Debug|x64
		{B300BD83-CA44-497D-9013-FCDD5700A048}.Debug|x64.Build.0 = Debug|x64
		{B300BD83-CA44-497D-9013-FCDD5700A048}.Debug|x86.ActiveCfg = Debug|Win32
		{B300BD83-CA44-497D-9013-FCDD5700A048}.Debug|x86.Build.0 = Debug|Win32
		{B300BD83-CA44-497D-9013-FCDD5700A048}.Release|Any CPU.ActiveCfg = Release|x64
		{B300BD83-CA44-497D-9013-FCDD5700A048}.Release|Any CPU.Build.0 = Release|x64
		{B300BD83-CA44-497D-9013-FCDD5700A048}.Release|x64.ActiveCfg = Release|x64
		{B300BD83-CA44-497D-9013-FCDD5700A048}.Release|x64.Build.0 = Release|x64
		{B300BD83-CA44-497D-9013-FCDD5700A048}.Release|x86.ActiveCfg = Release|Win32
		{B300BD83-CA44-497D-9013-FCDD5700A048}.Release|x86.Build.0 = Release|Win32
		{D868FEC5-9CF8-4EA1-A807-A3959364022C}.Debug|Any CPU.ActiveCfg = Debug|x64
		{D868FEC5-9CF8-4EA1-A807-A3959364022C}.Debug|Any CPU.Build.0 = Debug|x64
		{D868FEC5-9CF8-4EA1-A807-A3959364022C}.Debug|x64.ActiveCfg = Debug|x64
		{D868FEC5-9CF8-4EA1-A807-A3959364022C}.Debug|x64.Build.0 = Debug|x64
		{D868FEC5-9CF8-4EA1-A807-A3959364022C}.Debug|x86.ActiveCfg = Debug|Win32
		{D868FEC5-9CF8-4EA1-A807-A3959364022C}.Debug|x86.Build.0 = Debug|Win32
		{D868FEC5-9CF8-4EA1-A807-A3959364022C}.Release|Any CPU.ActiveCfg = Release|x64
		{D868FEC5-9CF8-4EA1-A807-A3959364022C}.Release|Any CPU.Build.0 = Release|x64
		{D868FEC5-9CF8-4EA1-A807-A3959364022C}.Release|x64.ActiveCfg = Release|x64
		{D868FEC5-9CF8-4EA1-A807-A3959364022C}.Release|x64.Build.0 = Release|x64
		{D868FEC5-9CF8-4EA1-A807-A3959364022C}.Release|x86.ActiveCfg = Release|Win32
		{D868FEC5-9CF8-4EA1-A807-A3959364022C}.Release|x86.Build.0 = Release|Win32
		{71C9C35D-9685-42AF-992C-5BEAA26D913F}.Debug|Any CPU.ActiveCfg = Debug|x64
		{71C9C35D-9685-42AF-992C-5BEAA26D913F}.Debug|Any CPU.Build.0 = Debug|x64
		{71C9C35D-9685-42AF-992C-5BEAA26D913F}.Debug|x64.ActiveCfg = Debug|x64
		{71C9C35D-9685-42AF-992C-5BEAA26D913F}.Debug|x64.Build.0 = Debug|x64
		{71C9C35D-9685-42AF-992C-5BEAA26D913F}.Debug|x86.ActiveCfg = Debug|Win32
		{71C9C35D-9685-42AF-992C-5BEAA26D913F}.Debug|x86.Build.0 = Debug|Win32
		{71C9C35D-9685-42AF-992C-5BEAA26D913F}.Release|Any CPU.ActiveCfg = Release|x64
		{71C9C35D-9685-42AF-992C-5BEAA26D913F}.Release|Any CPU.Build.0 = Release|x64
		{71C9C35D-9685-42AF-992C-5BEAA26D913F}.Release|x64.ActiveCfg = Release|x64
		{71C9C35D-9685-42AF-992C-5BEAA26D913F}.Release|x64.Build.0 = Release|x64
		{71C9C35D-9685-42AF-992C-5BEAA26D913F}.Release|x86.ActiveCfg = Release|Win32
		{71C9C35D-9685-42AF-992C-5BEAA26D913F}.Release|x86.Build.0 = Release|Win32
		{4720BA09-5D8D-4879-9680-A48271B3AA01}.Debug|Any CPU.ActiveCfg = Debug|x64
		{4720BA09-5D8D-4879-9680-A48271B3AA01}.Debug|Any CPU.Build.0 = Debug|x64
		{4720BA09-5D8D-4879-9680-A48271B3AA01}.Debug|x64.ActiveCfg = Debug|x64
		{4720BA09-5D8D-4879-9680-A48271B3AA01}.Debug|x64.Build.0 = Debug|x64
		{4720BA09-5D8D-4879-9680-A48271B3AA01}.Debug|x86.ActiveCfg = Debug|Win32
		{4720BA09-5D8D-4879-9680-A48271B3AA01}.Debug|x86.Build.0 = Debug|Win32
		{4720BA09-5D8D-4879-9680-A48271B3AA01}.Release|Any CPU.ActiveCfg = Release|x64
		{4720BA09-5D8D-4879-9680-A48271B3AA01}.Release|Any CPU.Build.0 = Release|x64
		{4720BA09-5D8D-4879-9680-A48271B3AA01}.Release|x64.ActiveCfg = Release|x64
		{4720BA09-5D8D-4879-9680-A48271B3AA01}.Release|x64.Build.0 = Release|x64
		{4720BA09-5D8D-4879-9680-A48271B3AA01}.Release|x86.ActiveCfg = Release|Win32
		{4720BA09-5D8D-4879-9680-A48271B3AA01}.Release|x86.Build.0 = Release|Win32
		{0C13FCB7-51ED-4DCA-96FB-C1AEF70CC9DD}.Debug|Any CPU.ActiveCfg = Debug|x64
		{0C13FCB7-51ED-4DCA-96FB-C1AEF70CC9DD}.Debug|Any CPU.Build.0 = Debug|x64
		{0C13FCB7-51ED-4DCA-96FB-C1AEF70CC9DD}.Debug|x64.ActiveCfg = Debug|x64
		{0C13FCB7-51ED-4DCA-96FB-C1AEF70CC9DD}.Debug|x64.Build.0 = Debug|x64
		{0C13FCB7-51ED-4DCA-96FB-C1AEF70CC9DD}.Debug|x86.ActiveCfg = Debug|Win32
		{0C13FCB7-51ED-4DCA-96FB-C1AEF70CC9DD}.Debug|x86.Build.0 = Debug|Win32
		{0C13FCB7-51ED-4DCA-96FB-C1AEF70CC9DD}.Release|Any CPU.ActiveCfg = Release|x64
		{0C13FCB7-51ED-4DCA-96FB-C1AEF70CC9DD}.Release|Any CPU.Build.0 = Release|x64
		{0C13FCB7-51ED-4DCA-96FB-C1AEF70CC9DD}.Release|x64.ActiveCfg = Release|x64
		{0C13FCB7-51ED-4DCA-96FB-C1AEF70CC9DD}.Release|x64.Build.0 = Release|x64
		{0C13FCB7-51ED-4DCA-96FB-C1AEF70CC9DD}.Release|x86.ActiveCfg = Release|Win32
		{0C13FCB7-51ED-4DCA-96FB-C1AEF70CC9DD}.Release|x86.Build.0 = Release|Win32
		{FD012AEE-9F45-4A56-925B-2DE8132886A5}.Debug|Any CPU.ActiveCfg = Debug|x64
		{FD012AEE-9F45-4A56-925B-2DE8132886A5}.Debug|Any CPU.Build.0 = Debug|x64
		{FD012AEE-9F45-4A56-925B-2DE8132886A5}.Debug|x64.ActiveCfg = Debug|x64
		{FD012AEE-9F45-4A56-925B-2DE8132886A5}.Debug|x64.Build.0 = Debug|x64
		{FD012AEE-9F45-4A56-925B-2DE8132886A5}.Debug|x86.ActiveCfg = Debug|Win32
		{FD012AEE-9F45-4A56-925B-2DE8132886A5}.Debug|x86.Build.0 = Debug|Win32
		{FD012AEE-9F45-4A56-925B-2DE8132886A5}.Release|Any CPU.ActiveCfg = Release|x64
		{FD012AEE-9F45-4A56-925B-2DE8132886A5}.Release|Any CPU.Build.0 = Release|x64
		{FD012AEE-9F45-4A56-925B-2DE8132886A5}.Release|x64.ActiveCfg = Release|x64
		{FD012AEE-9F45-4A56-925B-2DE8132886A5}.Release|x64.Build.0 = Release|x64
		{FD012AEE-9F45-4A56-925B-2DE8132886A5}.Release|x86.ActiveCfg = Release|Win32
		{FD012AEE-9F45-4A56-925B-2DE8132886A5}.Release|x86.Build.0 = Release|Win32
		{1FEDBFAB-362E-4C2E-999B-10F819658695}.Debug|Any CPU.ActiveCfg = Debug|x64
		{1FEDBFAB-362E-4C2E-999B-10F819658695}.Debug|Any CPU.Build.0 = Debug|x64
		{1FEDBFAB-362E-4C2E-999B-10F819658695}.Debug|x64.ActiveCfg = Debug|x64
		{1FEDBFAB-362E-4C2E-999B-10F819658695}.Debug|x64.Build.0 = Debug|x64
		{1FEDBFAB-362E-4C2E-999B-10F819658695}.Debug|x86.ActiveCfg = Debug|Win32
		{1FEDBFAB-362E-4C2E-999B-10F819658695}.Debug|x86.Build.0 = Debug|Win32
		{1FEDBFAB-362E-4C2E-999B-10F819658695}.Release|Any CPU.ActiveCfg = Release|x64
		{1FEDBFAB-362E-4C2E-999B-10F819658695}.Release|Any CPU.Build.0 = Release|x64
		{1FEDBFAB-362E-4C2E-999B-10F819658695}.Release|x64.ActiveCfg = Release|x64
		{1FEDBFAB-362E-4C2E-999B-10F819658695}.Release|x64.Build.0 = Release|x64
		{1FEDBFAB-362E-4C2E-999B-10F819658695}.Release|x86.ActiveCfg = Release|Win32
		{1FEDBFAB-362E-4C2E-999B-10F819658695}.Release|x86.Build.0 = Release|Win32
		{A70E6D9A-7695-41C7-8614-F847BA9C16CE}.Debug|Any CPU.ActiveCfg = Debug|x64
		{A70E6D9A-7695-41C7-8614-F847BA9C16CE}.Debug|Any CPU.Build.0 = Debug|x64
		{A70E6D9A-7695-41C7-8614-F847BA9C16CE}.Debug|x64.ActiveCfg = Debug|x64
		{A70E6D9A-7695-41C7-8614-F847BA9C16CE}.Debug|x64.Build.0 = Debug|x64
		{A70E6D9A-7695-41C7-8614-F847BA9C16CE}.Debug|x86.ActiveCfg = Debug|Win32
		{A70E6D9A-7695-41C7-8614-F847BA9C16CE}.Debug|x86.Build.0 = Debug|Win32
		{A70E6D9A-7695-41C7-8614-F847BA9C16CE}.Release|Any CPU.ActiveCfg = Release|x64
		{A70E6D9A-7695-41C7-8614-F847BA9C16CE}.Release|Any CPU.Build.0 = Release|x64
		{A70E6D9A-7695-41C7-8614-F847BA9C16CE}.Release|x64.ActiveCfg = Release|x64
		{A70E6D9A-7695-41C7-8614-F847BA9C16CE}.Release|x64.Build.0 = Release|x64
		{A70E6D9A-7695-41C7-8614-F847BA9C16CE}.Release|x86.ActiveCfg = Release|Win32
		{A70E6D9A-7695-41C7-8614-F847BA9C16CE}.Release|x86.Build.0 = Release|Win32
		{A5C19D46-99BD-4CB7-B0D8-826D08A314BC}.Debug|Any CPU.ActiveCfg = Debug|x64
		{A5C19D46-99BD-4CB7-B0D8-826D08A314BC}.Debug|Any CPU.Build.0 = Debug|x64
		{A5C19D46-99BD-4CB7-B0D8-826D08A314BC}.Debug|x64.ActiveCfg = Debug|x64
		{A5C19D46-99BD-4CB7-B0D8-826D08A314BC}.Debug|x64.Build.0 = Debug|x64
		{A5C19D46-99BD-4CB7-B0D8-826D08A314BC}.Debug|x86.ActiveCfg = Debug|Win32
		{A5C19D46-99BD-4CB7-B0D8-826D08A314BC}.Debug|x86.Build.0 = Debug|Win32
		{A5C19D46-99BD-4CB7-B0D8-826D08A314BC}.Release|Any CPU.ActiveCfg = Release|x64
		{A5C19D46-99BD-4CB7-B0D8-826D08A314BC}.Release|Any CPU.Build.0 = Release|x64
		{A5C19D46-99BD-4CB7-B0D8-826D08A314BC}.Release|x64.ActiveCfg = Release|x64
		{A5C19D46-99BD-4CB7-B0D8-826D08A314BC}.Release|x64.Build.0 = Release|x64
		{A5C19D46-99BD-4CB7-B0D8-826D08A314BC}.Release|x86.ActiveCfg = Release|Win32
		{A5C19D46-99BD-4CB7-B0D8-826D08A314BC}.Release|x86.Build.0 = Release|Win32
		{CE828B14-C034-4A4B-B7AA-2BB003DEA259}.Debug|Any CPU.ActiveCfg = Debug|x64
		{CE828B14-C034-4A4B-B7AA-2BB003DEA259}.Debug|Any CPU.Build.0 = Debug|x64
		{CE828B14-C034-4A4B-B7AA-2BB003DEA259}.Debug|x64.ActiveCfg = Debug|x64
		{CE828B14-C034-4A4B-B7AA-2BB003DEA259}.Debug|x64.Build.0 = Debug|x64
		{CE828B14-C034-4A4B-B7AA-2BB003DEA259}.Debug|x86.ActiveCfg = Debug|Win32
		{CE828B14-C034-4A4B-B7AA-2BB003DEA259}.Debug|x86.Build.0 = Debug|Win32
		{CE828B14-C034-4A4B-B7AA-2BB003DEA259}.Release|Any CPU.ActiveCfg = Release|x64
		{CE828B14-C034-4A4B-B7AA-2BB003DEA259}.Release|Any CPU.Build.0 = Release|x64
		{CE828B14-C034-4A4B-B7AA-2BB003DEA259}.Release|x64.ActiveCfg = Release|x64
		{CE828B14-C034-4A4B-B7AA-2BB003DEA259}.Release|x64.Build.0 = Release|x64
		{CE828B14-C034-4A4B-B7AA-2BB003DEA259}.Release|x86.ActiveCfg = Release|Win32
		{CE828B14-C034-4A4B-B7AA-2BB003DEA259}.Release|x86.Build.0 = Release|Win32
	EndGlobalSection
	GlobalSection(SolutionProperties) = preSolution
		HideSolutionNode = FALSE
	EndGlobalSection
	GlobalSection(ExtensibilityGlobals) = postSolution
		SolutionGuid = {0928A013-64B5-4FF3-9879-81CB6E04CF15}
	EndGlobalSection
EndGlobal
