
Microsoft Visual Studio Solution File, Format Version 12.00
# Visual Studio Version 17
VisualStudioVersion = 17.0.31912.275
MinimumVisualStudioVersion = 10.0.40219.1
Project("{8BC9CEB8-8B4A-11D0-8D11-00A0C91BC942}") = "3.01 limits", "Ch3\Examples\3.1 limits\3.1 limits.vcxproj", "{A3923229-A708-41DF-963F-451EDD0E5D86}"
EndProject
Project("{8BC9CEB8-8B4A-11D0-8D11-00A0C91BC942}") = "3.02 exceed", "Ch3\Examples\3.2 exceed\3.2 exceed.vcxproj", "{B573EE36-77F2-4920-80C8-3EB13C33B92D}"
EndProject
Project("{8BC9CEB8-8B4A-11D0-8D11-00A0C91BC942}") = "3.03 hexoct1", "Ch3\Examples\3.3 hexoct1\3.3 hexoct1.vcxproj", "{418E1CCC-BBBB-4E50-AD87-E8EC386A80B4}"
EndProject
Project("{8BC9CEB8-8B4A-11D0-8D11-00A0C91BC942}") = "3.04 hexoct2", "Ch3\Examples\3.4 hexoct2\3.4 hexoct2.vcxproj", "{F1DD4706-78B5-4C9A-A21C-1B03F58CFE77}"
EndProject
Project("{8BC9CEB8-8B4A-11D0-8D11-00A0C91BC942}") = "3.05 chartype", "Ch3\Examples\3.5 chartype\3.5 chartype.vcxproj", "{B300BD83-CA44-497D-9013-FCDD5700A048}"
EndProject
Project("{8BC9CEB8-8B4A-11D0-8D11-00A0C91BC942}") = "3.06 morechar", "Ch3\Examples\3.6 morechar\3.6 morechar.vcxproj", "{D868FEC5-9CF8-4EA1-A807-A3959364022C}"
EndProject
Project("{8BC9CEB8-8B4A-11D0-8D11-00A0C91BC942}") = "3.07 bondini", "Ch3\Examples\3.7 bondini\3.7 bondini.vcxproj", "{71C9C35D-9685-42AF-992C-5BEAA26D913F}"
EndProject
Project("{8BC9CEB8-8B4A-11D0-8D11-00A0C91BC942}") = "3.08 floatnum", "Ch3\Examples\3.8 floatnum\3.8 floatnum.vcxproj", "{4720BA09-5D8D-4879-9680-A48271B3AA01}"
EndProject
Project("{8BC9CEB8-8B4A-11D0-8D11-00A0C91BC942}") = "3.09 fltadd", "Ch3\Examples\3.9 fltadd\3.9 fltadd.vcxproj", "{0C13FCB7-51ED-4DCA-96FB-C1AEF70CC9DD}"
EndProject
Project("{8BC9CEB8-8B4A-11D0-8D11-00A0C91BC942}") = "3.10 arith", "Ch3\Examples\3.10 arith\3.10 arith.vcxproj", "{FD012AEE-9F45-4A56-925B-2DE8132886A5}"
EndProject
Project("{8BC9CEB8-8B4A-11D0-8D11-00A0C91BC942}") = "3.11 divide", "Ch3\Examples\3.11 divide\3.11 divide.vcxproj", "{1FEDBFAB-362E-4C2E-999B-10F819658695}"
EndProject
Project("{8BC9CEB8-8B4A-11D0-8D11-00A0C91BC942}") = "3.12 modulus", "Ch3\Examples\3.12 modulus\3.12 modulus.vcxproj", "{A70E6D9A-7695-41C7-8614-F847BA9C16CE}"
EndProject
Project("{8BC9CEB8-8B4A-11D0-8D11-00A0C91BC942}") = "3.13 assign", "Ch3\Examples\3.13 assign\3.13 assign.vcxproj", "{A5C19D46-99BD-4CB7-B0D8-826D08A314BC}"
EndProject
Project("{8BC9CEB8-8B4A-11D0-8D11-00A0C91BC942}") = "3.14 typecast", "Ch3\Examples\3.14 typecast\3.14 typecast.vcxproj", "{CE828B14-C034-4A4B-B7AA-2BB003DEA259}"
EndProject
Project("{8BC9CEB8-8B4A-11D0-8D11-00A0C91BC942}") = "4.01 arrayone", "Ch4\Examples\4.1 arrayone\4.1 arrayone.vcxproj", "{22A09CC8-6A4D-4A38-B3BF-B6143D214DFB}"
EndProject
Project("{8BC9CEB8-8B4A-11D0-8D11-00A0C91BC942}") = "4.02 strings", "Ch4\Examples\4.2 strings\4.2 strings.vcxproj", "{3AF13802-A1DF-4337-AC04-5FF9EF986888}"
EndProject
Project("{8BC9CEB8-8B4A-11D0-8D11-00A0C91BC942}") = "4.03 insrt1", "Ch4\Examples\4.3 insrtl\4.3 insrtl.vcxproj", "{45B93A8F-BBBA-48DE-B6A9-5D43A2B085A2}"
EndProject
Project("{8BC9CEB8-8B4A-11D0-8D11-00A0C91BC942}") = "4.04 insrt2", "Ch4\Examples\4.4 insrt2\4.4 insrt2.vcxproj", "{B9C3A74E-6CBA-4442-9E12-78338DDC449D}"
EndProject
Project("{8BC9CEB8-8B4A-11D0-8D11-00A0C91BC942}") = "4.05 insrt3", "Ch4\Examples\4.5 insrt3\4.5 insrt3.vcxproj", "{857140C4-ED84-49CD-95E9-0581A074BACF}"
EndProject
Project("{8BC9CEB8-8B4A-11D0-8D11-00A0C91BC942}") = "4.06 numstr", "Ch4\Examples\4.6 numstr\4.6 numstr.vcxproj", "{BB3ABED0-9DE4-4947-B4A3-3C6E7DBFE8F7}"
EndProject
Project("{8BC9CEB8-8B4A-11D0-8D11-00A0C91BC942}") = "4.08 strtype2", "Ch4\Examples\4.8 strtype2\4.8 strtype2.vcxproj", "{73FB84F7-A2AF-4676-8060-77EF143749F2}"
EndProject
Project("{8BC9CEB8-8B4A-11D0-8D11-00A0C91BC942}") = "4.09 strtype3", "Ch4\Examples\4.9 strtype3\4.9 strtype3.vcxproj", "{BF4D1927-4F4C-4EB3-BAE0-720F50F9676D}"
EndProject
Project("{8BC9CEB8-8B4A-11D0-8D11-00A0C91BC942}") = "4.10 strtype4", "Ch4\Examples\4.10 strtype4\4.10.vcxproj", "{EEEEC799-C8B7-400A-B457-90563FACE6AC}"
EndProject
Project("{8BC9CEB8-8B4A-11D0-8D11-00A0C91BC942}") = "4.11 structur", "Ch4\Examples\4.11 structur\4.11 structur.vcxproj", "{72BEE3AB-E3DE-4556-8137-EF58FA550A7C}"
EndProject
Project("{8BC9CEB8-8B4A-11D0-8D11-00A0C91BC942}") = "4.12 assign_st", "Ch4\Examples\4.12 assign_st\4.12 assign_st.vcxproj", "{3FF5B7E6-B423-4EF8-AB26-7831F912571C}"
EndProject
Project("{8BC9CEB8-8B4A-11D0-8D11-00A0C91BC942}") = "4.13 arrstruc", "Ch4\Examples\4.13 arrstruc\4.13 arrstruc.vcxproj", "{78AED86A-77A8-4DAE-AEE0-31C889D6837F}"
EndProject
Project("{8BC9CEB8-8B4A-11D0-8D11-00A0C91BC942}") = "4.14 address", "Ch4\Examples\4.14 address\4.14 address.vcxproj", "{B978F9A7-6971-4932-9477-11A838B9E449}"
EndProject
Project("{8BC9CEB8-8B4A-11D0-8D11-00A0C91BC942}") = "4.15 pointer", "Ch4\Examples\4.15 pointer\4.15.vcxproj", "{C28A938E-906A-4EB2-BA05-AE03F5CD0C6E}"
EndProject
Project("{8BC9CEB8-8B4A-11D0-8D11-00A0C91BC942}") = "4.16 init_ptr", "Ch4\Examples\4.16 init_ptr\4.16 init_ptr.vcxproj", "{44ADD775-177B-4618-AA3D-4CF33F348B93}"
EndProject
Project("{8BC9CEB8-8B4A-11D0-8D11-00A0C91BC942}") = "4.17 use_new", "Ch4\Examples\4.17 use_new\4.17 use_new.vcxproj", "{26E9CDA4-BFD2-4104-8609-9D9452284473}"
EndProject
Project("{8BC9CEB8-8B4A-11D0-8D11-00A0C91BC942}") = "4.18 arraynew", "Ch4\Examples\4.18 arraynew\4.18 arraynew.vcxproj", "{6898FA39-E968-4C5E-A553-713B4F351661}"
EndProject
Project("{8BC9CEB8-8B4A-11D0-8D11-00A0C91BC942}") = "4.19 addpntrs", "Ch4\Examples\4.19 addpntrs\4.19 addpntrs.vcxproj", "{272C6EE2-FC67-4A79-BD4B-E528B154F489}"
EndProject
Project("{8BC9CEB8-8B4A-11D0-8D11-00A0C91BC942}") = "4.20 ptrstr", "Ch4\Examples\4.20 ptrstr\4.20 ptrstr.vcxproj", "{169F0791-8445-4FCD-993D-72AA69CE4333}"
EndProject
Project("{8BC9CEB8-8B4A-11D0-8D11-00A0C91BC942}") = "4.21 newstrct", "Ch4\Examples\4.21 newstrct\4.21 newstrct.vcxproj", "{73B79771-028B-4FB1-8248-A323BF8336FD}"
EndProject
Project("{8BC9CEB8-8B4A-11D0-8D11-00A0C91BC942}") = "4.22 delete", "Ch4\Examples\4.22 delete\4.22 delete.vcxproj", "{56A42517-53C0-479E-9701-37E4E081DF80}"
EndProject
Project("{8BC9CEB8-8B4A-11D0-8D11-00A0C91BC942}") = "4.23 mixtypes", "Ch4\Examples\4.23 mixtypes\4.23 mixtypes.vcxproj", "{7E3450ED-C70F-4E53-B1CA-852AFD864116}"
EndProject
Project("{8BC9CEB8-8B4A-11D0-8D11-00A0C91BC942}") = "4.24 choices", "Ch4\Examples\4.24 choices\4.24 choices.vcxproj", "{7ADB1F7B-A4CD-421D-ACA7-748B88BE053A}"
EndProject
Project("{2150E333-8FDC-42A3-9474-1A3956D46DE8}") = "Ch3", "Ch3", "{9F9C530F-9043-4A0E-BCB2-A7696E6B3C2E}"
EndProject
Project("{2150E333-8FDC-42A3-9474-1A3956D46DE8}") = "Ch4", "Ch4", "{6C407583-4AD6-426A-A16D-770F12F28286}"
EndProject
Project("{2150E333-8FDC-42A3-9474-1A3956D46DE8}") = "Practice", "Practice", "{5593F576-6DCF-4BE5-830D-686A31F7D155}"
EndProject
Project("{2150E333-8FDC-42A3-9474-1A3956D46DE8}") = "Practice", "Practice", "{916EB3FF-FDC5-4FED-AF0C-A3881A9AAF1F}"
EndProject
Project("{2150E333-8FDC-42A3-9474-1A3956D46DE8}") = "Examples", "Examples", "{AD63E5CB-33C8-45A0-A763-7E93F3F12032}"
EndProject
Project("{2150E333-8FDC-42A3-9474-1A3956D46DE8}") = "Examples", "Examples", "{DC5A7E2C-AC4C-475C-B63F-605F4A33A895}"
EndProject
Project("{8BC9CEB8-8B4A-11D0-8D11-00A0C91BC942}") = "4.07 strtype1", "Ch4\Examples\4.07 strtype1\4.07 strtype1.vcxproj", "{2BA624B3-5EBF-48B2-9EA4-1FE6D723DE01}"
EndProject
Project("{8BC9CEB8-8B4A-11D0-8D11-00A0C91BC942}") = "4P_01", "Ch4\Practice\4P_01\4P_01.vcxproj", "{332D4CA2-000E-4B98-97C3-18513BDF1FD7}"
EndProject
Project("{8BC9CEB8-8B4A-11D0-8D11-00A0C91BC942}") = "4P_02", "Ch4\Practice\4P_02\4P_02.vcxproj", "{090B3F93-D3A3-4F88-973B-2C0D033C41BD}"
EndProject
Project("{8BC9CEB8-8B4A-11D0-8D11-00A0C91BC942}") = "4P_03", "Ch4\Practice\4P_03\4P_03.vcxproj", "{6A7C4BA7-C034-404E-A541-AA0AE0D2ECDB}"
EndProject
Project("{8BC9CEB8-8B4A-11D0-8D11-00A0C91BC942}") = "4P_04", "Ch4\Practice\4P_04\4P_04.vcxproj", "{F366B698-7C71-4E24-8F07-583D79E02A45}"
EndProject
Project("{8BC9CEB8-8B4A-11D0-8D11-00A0C91BC942}") = "4P_05", "Ch4\Practice\4P_05\4P_05.vcxproj", "{F9AD4303-13B0-4D66-B011-B5EA12A2BC41}"
EndProject
Project("{8BC9CEB8-8B4A-11D0-8D11-00A0C91BC942}") = "4P_06", "Ch4\Practice\4P_06\4P_06.vcxproj", "{ED08BEB0-5E92-4081-91C9-5071AB41AA29}"
EndProject
Project("{8BC9CEB8-8B4A-11D0-8D11-00A0C91BC942}") = "4P_07", "Ch4\Practice\4P_07\4P_07.vcxproj", "{9F9F6F33-5ABD-4FBF-A815-0BBB9E6FD050}"
EndProject
Project("{8BC9CEB8-8B4A-11D0-8D11-00A0C91BC942}") = "3P_01", "Ch3\Practice\3P_01\3P_01.vcxproj", "{7C7A3174-8B5A-42CC-ACF1-02F73EBFF9BD}"
EndProject
Project("{8BC9CEB8-8B4A-11D0-8D11-00A0C91BC942}") = "3P_02", "Ch3\Practice\3P_02\3P_02.vcxproj", "{319D14C5-144D-480A-833D-B603C8B4C5E9}"
EndProject
Project("{8BC9CEB8-8B4A-11D0-8D11-00A0C91BC942}") = "3P_03", "Ch3\Practice\3P_03\3P_03.vcxproj", "{841C8D6D-D3ED-49B0-82E7-BA002EDCC673}"
EndProject
Project("{8BC9CEB8-8B4A-11D0-8D11-00A0C91BC942}") = "3P_04", "Ch3\Practice\3P_04\3P_04.vcxproj", "{EB3A734F-DFE5-4FE4-A590-08548427BA65}"
EndProject
Project("{8BC9CEB8-8B4A-11D0-8D11-00A0C91BC942}") = "3P_05", "Ch3\Practice\3P_05\3P_05.vcxproj", "{974C1243-7D80-4838-8204-C690CD2A6904}"
EndProject
Project("{8BC9CEB8-8B4A-11D0-8D11-00A0C91BC942}") = "3P_06", "Ch3\Practice\3P_06\3P_06.vcxproj", "{B74BC19C-F8C8-41EA-8005-DEE748937F96}"
EndProject
Project("{8BC9CEB8-8B4A-11D0-8D11-00A0C91BC942}") = "3P_07", "Ch3\Practice\3P_07\P_07.vcxproj", "{07504E5A-C2B5-4C9C-9A97-0D4DB905EE65}"
EndProject
Global
	GlobalSection(SolutionConfigurationPlatforms) = preSolution
		Debug|Any CPU = Debug|Any CPU
		Debug|x64 = Debug|x64
		Debug|x86 = Debug|x86
		Release|Any CPU = Release|Any CPU
		Release|x64 = Release|x64
		Release|x86 = Release|x86
	EndGlobalSection
	GlobalSection(ProjectConfigurationPlatforms) = postSolution
		{A3923229-A708-41DF-963F-451EDD0E5D86}.Debug|Any CPU.ActiveCfg = Debug|x64
		{A3923229-A708-41DF-963F-451EDD0E5D86}.Debug|Any CPU.Build.0 = Debug|x64
		{A3923229-A708-41DF-963F-451EDD0E5D86}.Debug|x64.ActiveCfg = Debug|x64
		{A3923229-A708-41DF-963F-451EDD0E5D86}.Debug|x64.Build.0 = Debug|x64
		{A3923229-A708-41DF-963F-451EDD0E5D86}.Debug|x86.ActiveCfg = Debug|Win32
		{A3923229-A708-41DF-963F-451EDD0E5D86}.Debug|x86.Build.0 = Debug|Win32
		{A3923229-A708-41DF-963F-451EDD0E5D86}.Release|Any CPU.ActiveCfg = Release|x64
		{A3923229-A708-41DF-963F-451EDD0E5D86}.Release|Any CPU.Build.0 = Release|x64
		{A3923229-A708-41DF-963F-451EDD0E5D86}.Release|x64.ActiveCfg = Release|x64
		{A3923229-A708-41DF-963F-451EDD0E5D86}.Release|x64.Build.0 = Release|x64
		{A3923229-A708-41DF-963F-451EDD0E5D86}.Release|x86.ActiveCfg = Release|Win32
		{A3923229-A708-41DF-963F-451EDD0E5D86}.Release|x86.Build.0 = Release|Win32
		{B573EE36-77F2-4920-80C8-3EB13C33B92D}.Debug|Any CPU.ActiveCfg = Debug|x64
		{B573EE36-77F2-4920-80C8-3EB13C33B92D}.Debug|Any CPU.Build.0 = Debug|x64
		{B573EE36-77F2-4920-80C8-3EB13C33B92D}.Debug|x64.ActiveCfg = Debug|x64
		{B573EE36-77F2-4920-80C8-3EB13C33B92D}.Debug|x64.Build.0 = Debug|x64
		{B573EE36-77F2-4920-80C8-3EB13C33B92D}.Debug|x86.ActiveCfg = Debug|Win32
		{B573EE36-77F2-4920-80C8-3EB13C33B92D}.Debug|x86.Build.0 = Debug|Win32
		{B573EE36-77F2-4920-80C8-3EB13C33B92D}.Release|Any CPU.ActiveCfg = Release|x64
		{B573EE36-77F2-4920-80C8-3EB13C33B92D}.Release|Any CPU.Build.0 = Release|x64
		{B573EE36-77F2-4920-80C8-3EB13C33B92D}.Release|x64.ActiveCfg = Release|x64
		{B573EE36-77F2-4920-80C8-3EB13C33B92D}.Release|x64.Build.0 = Release|x64
		{B573EE36-77F2-4920-80C8-3EB13C33B92D}.Release|x86.ActiveCfg = Release|Win32
		{B573EE36-77F2-4920-80C8-3EB13C33B92D}.Release|x86.Build.0 = Release|Win32
		{418E1CCC-BBBB-4E50-AD87-E8EC386A80B4}.Debug|Any CPU.ActiveCfg = Debug|x64
		{418E1CCC-BBBB-4E50-AD87-E8EC386A80B4}.Debug|Any CPU.Build.0 = Debug|x64
		{418E1CCC-BBBB-4E50-AD87-E8EC386A80B4}.Debug|x64.ActiveCfg = Debug|x64
		{418E1CCC-BBBB-4E50-AD87-E8EC386A80B4}.Debug|x64.Build.0 = Debug|x64
		{418E1CCC-BBBB-4E50-AD87-E8EC386A80B4}.Debug|x86.ActiveCfg = Debug|Win32
		{418E1CCC-BBBB-4E50-AD87-E8EC386A80B4}.Debug|x86.Build.0 = Debug|Win32
		{418E1CCC-BBBB-4E50-AD87-E8EC386A80B4}.Release|Any CPU.ActiveCfg = Release|x64
		{418E1CCC-BBBB-4E50-AD87-E8EC386A80B4}.Release|Any CPU.Build.0 = Release|x64
		{418E1CCC-BBBB-4E50-AD87-E8EC386A80B4}.Release|x64.ActiveCfg = Release|x64
		{418E1CCC-BBBB-4E50-AD87-E8EC386A80B4}.Release|x64.Build.0 = Release|x64
		{418E1CCC-BBBB-4E50-AD87-E8EC386A80B4}.Release|x86.ActiveCfg = Release|Win32
		{418E1CCC-BBBB-4E50-AD87-E8EC386A80B4}.Release|x86.Build.0 = Release|Win32
		{F1DD4706-78B5-4C9A-A21C-1B03F58CFE77}.Debug|Any CPU.ActiveCfg = Debug|x64
		{F1DD4706-78B5-4C9A-A21C-1B03F58CFE77}.Debug|Any CPU.Build.0 = Debug|x64
		{F1DD4706-78B5-4C9A-A21C-1B03F58CFE77}.Debug|x64.ActiveCfg = Debug|x64
		{F1DD4706-78B5-4C9A-A21C-1B03F58CFE77}.Debug|x64.Build.0 = Debug|x64
		{F1DD4706-78B5-4C9A-A21C-1B03F58CFE77}.Debug|x86.ActiveCfg = Debug|Win32
		{F1DD4706-78B5-4C9A-A21C-1B03F58CFE77}.Debug|x86.Build.0 = Debug|Win32
		{F1DD4706-78B5-4C9A-A21C-1B03F58CFE77}.Release|Any CPU.ActiveCfg = Release|x64
		{F1DD4706-78B5-4C9A-A21C-1B03F58CFE77}.Release|Any CPU.Build.0 = Release|x64
		{F1DD4706-78B5-4C9A-A21C-1B03F58CFE77}.Release|x64.ActiveCfg = Release|x64
		{F1DD4706-78B5-4C9A-A21C-1B03F58CFE77}.Release|x64.Build.0 = Release|x64
		{F1DD4706-78B5-4C9A-A21C-1B03F58CFE77}.Release|x86.ActiveCfg = Release|Win32
		{F1DD4706-78B5-4C9A-A21C-1B03F58CFE77}.Release|x86.Build.0 = Release|Win32
		{B300BD83-CA44-497D-9013-FCDD5700A048}.Debug|Any CPU.ActiveCfg = Debug|x64
		{B300BD83-CA44-497D-9013-FCDD5700A048}.Debug|Any CPU.Build.0 = Debug|x64
		{B300BD83-CA44-497D-9013-FCDD5700A048}.Debug|x64.ActiveCfg = Debug|x64
		{B300BD83-CA44-497D-9013-FCDD5700A048}.Debug|x64.Build.0 = Debug|x64
		{B300BD83-CA44-497D-9013-FCDD5700A048}.Debug|x86.ActiveCfg = Debug|Win32
		{B300BD83-CA44-497D-9013-FCDD5700A048}.Debug|x86.Build.0 = Debug|Win32
		{B300BD83-CA44-497D-9013-FCDD5700A048}.Release|Any CPU.ActiveCfg = Release|x64
		{B300BD83-CA44-497D-9013-FCDD5700A048}.Release|Any CPU.Build.0 = Release|x64
		{B300BD83-CA44-497D-9013-FCDD5700A048}.Release|x64.ActiveCfg = Release|x64
		{B300BD83-CA44-497D-9013-FCDD5700A048}.Release|x64.Build.0 = Release|x64
		{B300BD83-CA44-497D-9013-FCDD5700A048}.Release|x86.ActiveCfg = Release|Win32
		{B300BD83-CA44-497D-9013-FCDD5700A048}.Release|x86.Build.0 = Release|Win32
		{D868FEC5-9CF8-4EA1-A807-A3959364022C}.Debug|Any CPU.ActiveCfg = Debug|x64
		{D868FEC5-9CF8-4EA1-A807-A3959364022C}.Debug|Any CPU.Build.0 = Debug|x64
		{D868FEC5-9CF8-4EA1-A807-A3959364022C}.Debug|x64.ActiveCfg = Debug|x64
		{D868FEC5-9CF8-4EA1-A807-A3959364022C}.Debug|x64.Build.0 = Debug|x64
		{D868FEC5-9CF8-4EA1-A807-A3959364022C}.Debug|x86.ActiveCfg = Debug|Win32
		{D868FEC5-9CF8-4EA1-A807-A3959364022C}.Debug|x86.Build.0 = Debug|Win32
		{D868FEC5-9CF8-4EA1-A807-A3959364022C}.Release|Any CPU.ActiveCfg = Release|x64
		{D868FEC5-9CF8-4EA1-A807-A3959364022C}.Release|Any CPU.Build.0 = Release|x64
		{D868FEC5-9CF8-4EA1-A807-A3959364022C}.Release|x64.ActiveCfg = Release|x64
		{D868FEC5-9CF8-4EA1-A807-A3959364022C}.Release|x64.Build.0 = Release|x64
		{D868FEC5-9CF8-4EA1-A807-A3959364022C}.Release|x86.ActiveCfg = Release|Win32
		{D868FEC5-9CF8-4EA1-A807-A3959364022C}.Release|x86.Build.0 = Release|Win32
		{71C9C35D-9685-42AF-992C-5BEAA26D913F}.Debug|Any CPU.ActiveCfg = Debug|x64
		{71C9C35D-9685-42AF-992C-5BEAA26D913F}.Debug|Any CPU.Build.0 = Debug|x64
		{71C9C35D-9685-42AF-992C-5BEAA26D913F}.Debug|x64.ActiveCfg = Debug|x64
		{71C9C35D-9685-42AF-992C-5BEAA26D913F}.Debug|x64.Build.0 = Debug|x64
		{71C9C35D-9685-42AF-992C-5BEAA26D913F}.Debug|x86.ActiveCfg = Debug|Win32
		{71C9C35D-9685-42AF-992C-5BEAA26D913F}.Debug|x86.Build.0 = Debug|Win32
		{71C9C35D-9685-42AF-992C-5BEAA26D913F}.Release|Any CPU.ActiveCfg = Release|x64
		{71C9C35D-9685-42AF-992C-5BEAA26D913F}.Release|Any CPU.Build.0 = Release|x64
		{71C9C35D-9685-42AF-992C-5BEAA26D913F}.Release|x64.ActiveCfg = Release|x64
		{71C9C35D-9685-42AF-992C-5BEAA26D913F}.Release|x64.Build.0 = Release|x64
		{71C9C35D-9685-42AF-992C-5BEAA26D913F}.Release|x86.ActiveCfg = Release|Win32
		{71C9C35D-9685-42AF-992C-5BEAA26D913F}.Release|x86.Build.0 = Release|Win32
		{4720BA09-5D8D-4879-9680-A48271B3AA01}.Debug|Any CPU.ActiveCfg = Debug|x64
		{4720BA09-5D8D-4879-9680-A48271B3AA01}.Debug|Any CPU.Build.0 = Debug|x64
		{4720BA09-5D8D-4879-9680-A48271B3AA01}.Debug|x64.ActiveCfg = Debug|x64
		{4720BA09-5D8D-4879-9680-A48271B3AA01}.Debug|x64.Build.0 = Debug|x64
		{4720BA09-5D8D-4879-9680-A48271B3AA01}.Debug|x86.ActiveCfg = Debug|Win32
		{4720BA09-5D8D-4879-9680-A48271B3AA01}.Debug|x86.Build.0 = Debug|Win32
		{4720BA09-5D8D-4879-9680-A48271B3AA01}.Release|Any CPU.ActiveCfg = Release|x64
		{4720BA09-5D8D-4879-9680-A48271B3AA01}.Release|Any CPU.Build.0 = Release|x64
		{4720BA09-5D8D-4879-9680-A48271B3AA01}.Release|x64.ActiveCfg = Release|x64
		{4720BA09-5D8D-4879-9680-A48271B3AA01}.Release|x64.Build.0 = Release|x64
		{4720BA09-5D8D-4879-9680-A48271B3AA01}.Release|x86.ActiveCfg = Release|Win32
		{4720BA09-5D8D-4879-9680-A48271B3AA01}.Release|x86.Build.0 = Release|Win32
		{0C13FCB7-51ED-4DCA-96FB-C1AEF70CC9DD}.Debug|Any CPU.ActiveCfg = Debug|x64
		{0C13FCB7-51ED-4DCA-96FB-C1AEF70CC9DD}.Debug|Any CPU.Build.0 = Debug|x64
		{0C13FCB7-51ED-4DCA-96FB-C1AEF70CC9DD}.Debug|x64.ActiveCfg = Debug|x64
		{0C13FCB7-51ED-4DCA-96FB-C1AEF70CC9DD}.Debug|x64.Build.0 = Debug|x64
		{0C13FCB7-51ED-4DCA-96FB-C1AEF70CC9DD}.Debug|x86.ActiveCfg = Debug|Win32
		{0C13FCB7-51ED-4DCA-96FB-C1AEF70CC9DD}.Debug|x86.Build.0 = Debug|Win32
		{0C13FCB7-51ED-4DCA-96FB-C1AEF70CC9DD}.Release|Any CPU.ActiveCfg = Release|x64
		{0C13FCB7-51ED-4DCA-96FB-C1AEF70CC9DD}.Release|Any CPU.Build.0 = Release|x64
		{0C13FCB7-51ED-4DCA-96FB-C1AEF70CC9DD}.Release|x64.ActiveCfg = Release|x64
		{0C13FCB7-51ED-4DCA-96FB-C1AEF70CC9DD}.Release|x64.Build.0 = Release|x64
		{0C13FCB7-51ED-4DCA-96FB-C1AEF70CC9DD}.Release|x86.ActiveCfg = Release|Win32
		{0C13FCB7-51ED-4DCA-96FB-C1AEF70CC9DD}.Release|x86.Build.0 = Release|Win32
		{FD012AEE-9F45-4A56-925B-2DE8132886A5}.Debug|Any CPU.ActiveCfg = Debug|x64
		{FD012AEE-9F45-4A56-925B-2DE8132886A5}.Debug|Any CPU.Build.0 = Debug|x64
		{FD012AEE-9F45-4A56-925B-2DE8132886A5}.Debug|x64.ActiveCfg = Debug|x64
		{FD012AEE-9F45-4A56-925B-2DE8132886A5}.Debug|x64.Build.0 = Debug|x64
		{FD012AEE-9F45-4A56-925B-2DE8132886A5}.Debug|x86.ActiveCfg = Debug|Win32
		{FD012AEE-9F45-4A56-925B-2DE8132886A5}.Debug|x86.Build.0 = Debug|Win32
		{FD012AEE-9F45-4A56-925B-2DE8132886A5}.Release|Any CPU.ActiveCfg = Release|x64
		{FD012AEE-9F45-4A56-925B-2DE8132886A5}.Release|Any CPU.Build.0 = Release|x64
		{FD012AEE-9F45-4A56-925B-2DE8132886A5}.Release|x64.ActiveCfg = Release|x64
		{FD012AEE-9F45-4A56-925B-2DE8132886A5}.Release|x64.Build.0 = Release|x64
		{FD012AEE-9F45-4A56-925B-2DE8132886A5}.Release|x86.ActiveCfg = Release|Win32
		{FD012AEE-9F45-4A56-925B-2DE8132886A5}.Release|x86.Build.0 = Release|Win32
		{1FEDBFAB-362E-4C2E-999B-10F819658695}.Debug|Any CPU.ActiveCfg = Debug|x64
		{1FEDBFAB-362E-4C2E-999B-10F819658695}.Debug|Any CPU.Build.0 = Debug|x64
		{1FEDBFAB-362E-4C2E-999B-10F819658695}.Debug|x64.ActiveCfg = Debug|x64
		{1FEDBFAB-362E-4C2E-999B-10F819658695}.Debug|x64.Build.0 = Debug|x64
		{1FEDBFAB-362E-4C2E-999B-10F819658695}.Debug|x86.ActiveCfg = Debug|Win32
		{1FEDBFAB-362E-4C2E-999B-10F819658695}.Debug|x86.Build.0 = Debug|Win32
		{1FEDBFAB-362E-4C2E-999B-10F819658695}.Release|Any CPU.ActiveCfg = Release|x64
		{1FEDBFAB-362E-4C2E-999B-10F819658695}.Release|Any CPU.Build.0 = Release|x64
		{1FEDBFAB-362E-4C2E-999B-10F819658695}.Release|x64.ActiveCfg = Release|x64
		{1FEDBFAB-362E-4C2E-999B-10F819658695}.Release|x64.Build.0 = Release|x64
		{1FEDBFAB-362E-4C2E-999B-10F819658695}.Release|x86.ActiveCfg = Release|Win32
		{1FEDBFAB-362E-4C2E-999B-10F819658695}.Release|x86.Build.0 = Release|Win32
		{A70E6D9A-7695-41C7-8614-F847BA9C16CE}.Debug|Any CPU.ActiveCfg = Debug|x64
		{A70E6D9A-7695-41C7-8614-F847BA9C16CE}.Debug|Any CPU.Build.0 = Debug|x64
		{A70E6D9A-7695-41C7-8614-F847BA9C16CE}.Debug|x64.ActiveCfg = Debug|x64
		{A70E6D9A-7695-41C7-8614-F847BA9C16CE}.Debug|x64.Build.0 = Debug|x64
		{A70E6D9A-7695-41C7-8614-F847BA9C16CE}.Debug|x86.ActiveCfg = Debug|Win32
		{A70E6D9A-7695-41C7-8614-F847BA9C16CE}.Debug|x86.Build.0 = Debug|Win32
		{A70E6D9A-7695-41C7-8614-F847BA9C16CE}.Release|Any CPU.ActiveCfg = Release|x64
		{A70E6D9A-7695-41C7-8614-F847BA9C16CE}.Release|Any CPU.Build.0 = Release|x64
		{A70E6D9A-7695-41C7-8614-F847BA9C16CE}.Release|x64.ActiveCfg = Release|x64
		{A70E6D9A-7695-41C7-8614-F847BA9C16CE}.Release|x64.Build.0 = Release|x64
		{A70E6D9A-7695-41C7-8614-F847BA9C16CE}.Release|x86.ActiveCfg = Release|Win32
		{A70E6D9A-7695-41C7-8614-F847BA9C16CE}.Release|x86.Build.0 = Release|Win32
		{A5C19D46-99BD-4CB7-B0D8-826D08A314BC}.Debug|Any CPU.ActiveCfg = Debug|x64
		{A5C19D46-99BD-4CB7-B0D8-826D08A314BC}.Debug|Any CPU.Build.0 = Debug|x64
		{A5C19D46-99BD-4CB7-B0D8-826D08A314BC}.Debug|x64.ActiveCfg = Debug|x64
		{A5C19D46-99BD-4CB7-B0D8-826D08A314BC}.Debug|x64.Build.0 = Debug|x64
		{A5C19D46-99BD-4CB7-B0D8-826D08A314BC}.Debug|x86.ActiveCfg = Debug|Win32
		{A5C19D46-99BD-4CB7-B0D8-826D08A314BC}.Debug|x86.Build.0 = Debug|Win32
		{A5C19D46-99BD-4CB7-B0D8-826D08A314BC}.Release|Any CPU.ActiveCfg = Release|x64
		{A5C19D46-99BD-4CB7-B0D8-826D08A314BC}.Release|Any CPU.Build.0 = Release|x64
		{A5C19D46-99BD-4CB7-B0D8-826D08A314BC}.Release|x64.ActiveCfg = Release|x64
		{A5C19D46-99BD-4CB7-B0D8-826D08A314BC}.Release|x64.Build.0 = Release|x64
		{A5C19D46-99BD-4CB7-B0D8-826D08A314BC}.Release|x86.ActiveCfg = Release|Win32
		{A5C19D46-99BD-4CB7-B0D8-826D08A314BC}.Release|x86.Build.0 = Release|Win32
		{CE828B14-C034-4A4B-B7AA-2BB003DEA259}.Debug|Any CPU.ActiveCfg = Debug|x64
		{CE828B14-C034-4A4B-B7AA-2BB003DEA259}.Debug|Any CPU.Build.0 = Debug|x64
		{CE828B14-C034-4A4B-B7AA-2BB003DEA259}.Debug|x64.ActiveCfg = Debug|x64
		{CE828B14-C034-4A4B-B7AA-2BB003DEA259}.Debug|x64.Build.0 = Debug|x64
		{CE828B14-C034-4A4B-B7AA-2BB003DEA259}.Debug|x86.ActiveCfg = Debug|Win32
		{CE828B14-C034-4A4B-B7AA-2BB003DEA259}.Debug|x86.Build.0 = Debug|Win32
		{CE828B14-C034-4A4B-B7AA-2BB003DEA259}.Release|Any CPU.ActiveCfg = Release|x64
		{CE828B14-C034-4A4B-B7AA-2BB003DEA259}.Release|Any CPU.Build.0 = Release|x64
		{CE828B14-C034-4A4B-B7AA-2BB003DEA259}.Release|x64.ActiveCfg = Release|x64
		{CE828B14-C034-4A4B-B7AA-2BB003DEA259}.Release|x64.Build.0 = Release|x64
		{CE828B14-C034-4A4B-B7AA-2BB003DEA259}.Release|x86.ActiveCfg = Release|Win32
		{CE828B14-C034-4A4B-B7AA-2BB003DEA259}.Release|x86.Build.0 = Release|Win32
		{22A09CC8-6A4D-4A38-B3BF-B6143D214DFB}.Debug|Any CPU.ActiveCfg = Debug|x64
		{22A09CC8-6A4D-4A38-B3BF-B6143D214DFB}.Debug|Any CPU.Build.0 = Debug|x64
		{22A09CC8-6A4D-4A38-B3BF-B6143D214DFB}.Debug|x64.ActiveCfg = Debug|x64
		{22A09CC8-6A4D-4A38-B3BF-B6143D214DFB}.Debug|x64.Build.0 = Debug|x64
		{22A09CC8-6A4D-4A38-B3BF-B6143D214DFB}.Debug|x86.ActiveCfg = Debug|Win32
		{22A09CC8-6A4D-4A38-B3BF-B6143D214DFB}.Debug|x86.Build.0 = Debug|Win32
		{22A09CC8-6A4D-4A38-B3BF-B6143D214DFB}.Release|Any CPU.ActiveCfg = Release|x64
		{22A09CC8-6A4D-4A38-B3BF-B6143D214DFB}.Release|Any CPU.Build.0 = Release|x64
		{22A09CC8-6A4D-4A38-B3BF-B6143D214DFB}.Release|x64.ActiveCfg = Release|x64
		{22A09CC8-6A4D-4A38-B3BF-B6143D214DFB}.Release|x64.Build.0 = Release|x64
		{22A09CC8-6A4D-4A38-B3BF-B6143D214DFB}.Release|x86.ActiveCfg = Release|Win32
		{22A09CC8-6A4D-4A38-B3BF-B6143D214DFB}.Release|x86.Build.0 = Release|Win32
		{3AF13802-A1DF-4337-AC04-5FF9EF986888}.Debug|Any CPU.ActiveCfg = Debug|x64
		{3AF13802-A1DF-4337-AC04-5FF9EF986888}.Debug|Any CPU.Build.0 = Debug|x64
		{3AF13802-A1DF-4337-AC04-5FF9EF986888}.Debug|x64.ActiveCfg = Debug|x64
		{3AF13802-A1DF-4337-AC04-5FF9EF986888}.Debug|x64.Build.0 = Debug|x64
		{3AF13802-A1DF-4337-AC04-5FF9EF986888}.Debug|x86.ActiveCfg = Debug|Win32
		{3AF13802-A1DF-4337-AC04-5FF9EF986888}.Debug|x86.Build.0 = Debug|Win32
		{3AF13802-A1DF-4337-AC04-5FF9EF986888}.Release|Any CPU.ActiveCfg = Release|x64
		{3AF13802-A1DF-4337-AC04-5FF9EF986888}.Release|Any CPU.Build.0 = Release|x64
		{3AF13802-A1DF-4337-AC04-5FF9EF986888}.Release|x64.ActiveCfg = Release|x64
		{3AF13802-A1DF-4337-AC04-5FF9EF986888}.Release|x64.Build.0 = Release|x64
		{3AF13802-A1DF-4337-AC04-5FF9EF986888}.Release|x86.ActiveCfg = Release|Win32
		{3AF13802-A1DF-4337-AC04-5FF9EF986888}.Release|x86.Build.0 = Release|Win32
		{45B93A8F-BBBA-48DE-B6A9-5D43A2B085A2}.Debug|Any CPU.ActiveCfg = Debug|x64
		{45B93A8F-BBBA-48DE-B6A9-5D43A2B085A2}.Debug|Any CPU.Build.0 = Debug|x64
		{45B93A8F-BBBA-48DE-B6A9-5D43A2B085A2}.Debug|x64.ActiveCfg = Debug|x64
		{45B93A8F-BBBA-48DE-B6A9-5D43A2B085A2}.Debug|x64.Build.0 = Debug|x64
		{45B93A8F-BBBA-48DE-B6A9-5D43A2B085A2}.Debug|x86.ActiveCfg = Debug|Win32
		{45B93A8F-BBBA-48DE-B6A9-5D43A2B085A2}.Debug|x86.Build.0 = Debug|Win32
		{45B93A8F-BBBA-48DE-B6A9-5D43A2B085A2}.Release|Any CPU.ActiveCfg = Release|x64
		{45B93A8F-BBBA-48DE-B6A9-5D43A2B085A2}.Release|Any CPU.Build.0 = Release|x64
		{45B93A8F-BBBA-48DE-B6A9-5D43A2B085A2}.Release|x64.ActiveCfg = Release|x64
		{45B93A8F-BBBA-48DE-B6A9-5D43A2B085A2}.Release|x64.Build.0 = Release|x64
		{45B93A8F-BBBA-48DE-B6A9-5D43A2B085A2}.Release|x86.ActiveCfg = Release|Win32
		{45B93A8F-BBBA-48DE-B6A9-5D43A2B085A2}.Release|x86.Build.0 = Release|Win32
		{B9C3A74E-6CBA-4442-9E12-78338DDC449D}.Debug|Any CPU.ActiveCfg = Debug|x64
		{B9C3A74E-6CBA-4442-9E12-78338DDC449D}.Debug|Any CPU.Build.0 = Debug|x64
		{B9C3A74E-6CBA-4442-9E12-78338DDC449D}.Debug|x64.ActiveCfg = Debug|x64
		{B9C3A74E-6CBA-4442-9E12-78338DDC449D}.Debug|x64.Build.0 = Debug|x64
		{B9C3A74E-6CBA-4442-9E12-78338DDC449D}.Debug|x86.ActiveCfg = Debug|Win32
		{B9C3A74E-6CBA-4442-9E12-78338DDC449D}.Debug|x86.Build.0 = Debug|Win32
		{B9C3A74E-6CBA-4442-9E12-78338DDC449D}.Release|Any CPU.ActiveCfg = Release|x64
		{B9C3A74E-6CBA-4442-9E12-78338DDC449D}.Release|Any CPU.Build.0 = Release|x64
		{B9C3A74E-6CBA-4442-9E12-78338DDC449D}.Release|x64.ActiveCfg = Release|x64
		{B9C3A74E-6CBA-4442-9E12-78338DDC449D}.Release|x64.Build.0 = Release|x64
		{B9C3A74E-6CBA-4442-9E12-78338DDC449D}.Release|x86.ActiveCfg = Release|Win32
		{B9C3A74E-6CBA-4442-9E12-78338DDC449D}.Release|x86.Build.0 = Release|Win32
		{857140C4-ED84-49CD-95E9-0581A074BACF}.Debug|Any CPU.ActiveCfg = Debug|x64
		{857140C4-ED84-49CD-95E9-0581A074BACF}.Debug|Any CPU.Build.0 = Debug|x64
		{857140C4-ED84-49CD-95E9-0581A074BACF}.Debug|x64.ActiveCfg = Debug|x64
		{857140C4-ED84-49CD-95E9-0581A074BACF}.Debug|x64.Build.0 = Debug|x64
		{857140C4-ED84-49CD-95E9-0581A074BACF}.Debug|x86.ActiveCfg = Debug|Win32
		{857140C4-ED84-49CD-95E9-0581A074BACF}.Debug|x86.Build.0 = Debug|Win32
		{857140C4-ED84-49CD-95E9-0581A074BACF}.Release|Any CPU.ActiveCfg = Release|x64
		{857140C4-ED84-49CD-95E9-0581A074BACF}.Release|Any CPU.Build.0 = Release|x64
		{857140C4-ED84-49CD-95E9-0581A074BACF}.Release|x64.ActiveCfg = Release|x64
		{857140C4-ED84-49CD-95E9-0581A074BACF}.Release|x64.Build.0 = Release|x64
		{857140C4-ED84-49CD-95E9-0581A074BACF}.Release|x86.ActiveCfg = Release|Win32
		{857140C4-ED84-49CD-95E9-0581A074BACF}.Release|x86.Build.0 = Release|Win32
		{BB3ABED0-9DE4-4947-B4A3-3C6E7DBFE8F7}.Debug|Any CPU.ActiveCfg = Debug|x64
		{BB3ABED0-9DE4-4947-B4A3-3C6E7DBFE8F7}.Debug|Any CPU.Build.0 = Debug|x64
		{BB3ABED0-9DE4-4947-B4A3-3C6E7DBFE8F7}.Debug|x64.ActiveCfg = Debug|x64
		{BB3ABED0-9DE4-4947-B4A3-3C6E7DBFE8F7}.Debug|x64.Build.0 = Debug|x64
		{BB3ABED0-9DE4-4947-B4A3-3C6E7DBFE8F7}.Debug|x86.ActiveCfg = Debug|Win32
		{BB3ABED0-9DE4-4947-B4A3-3C6E7DBFE8F7}.Debug|x86.Build.0 = Debug|Win32
		{BB3ABED0-9DE4-4947-B4A3-3C6E7DBFE8F7}.Release|Any CPU.ActiveCfg = Release|x64
		{BB3ABED0-9DE4-4947-B4A3-3C6E7DBFE8F7}.Release|Any CPU.Build.0 = Release|x64
		{BB3ABED0-9DE4-4947-B4A3-3C6E7DBFE8F7}.Release|x64.ActiveCfg = Release|x64
		{BB3ABED0-9DE4-4947-B4A3-3C6E7DBFE8F7}.Release|x64.Build.0 = Release|x64
		{BB3ABED0-9DE4-4947-B4A3-3C6E7DBFE8F7}.Release|x86.ActiveCfg = Release|Win32
		{BB3ABED0-9DE4-4947-B4A3-3C6E7DBFE8F7}.Release|x86.Build.0 = Release|Win32
		{73FB84F7-A2AF-4676-8060-77EF143749F2}.Debug|Any CPU.ActiveCfg = Debug|x64
		{73FB84F7-A2AF-4676-8060-77EF143749F2}.Debug|Any CPU.Build.0 = Debug|x64
		{73FB84F7-A2AF-4676-8060-77EF143749F2}.Debug|x64.ActiveCfg = Debug|x64
		{73FB84F7-A2AF-4676-8060-77EF143749F2}.Debug|x64.Build.0 = Debug|x64
		{73FB84F7-A2AF-4676-8060-77EF143749F2}.Debug|x86.ActiveCfg = Debug|Win32
		{73FB84F7-A2AF-4676-8060-77EF143749F2}.Debug|x86.Build.0 = Debug|Win32
		{73FB84F7-A2AF-4676-8060-77EF143749F2}.Release|Any CPU.ActiveCfg = Release|x64
		{73FB84F7-A2AF-4676-8060-77EF143749F2}.Release|Any CPU.Build.0 = Release|x64
		{73FB84F7-A2AF-4676-8060-77EF143749F2}.Release|x64.ActiveCfg = Release|x64
		{73FB84F7-A2AF-4676-8060-77EF143749F2}.Release|x64.Build.0 = Release|x64
		{73FB84F7-A2AF-4676-8060-77EF143749F2}.Release|x86.ActiveCfg = Release|Win32
		{73FB84F7-A2AF-4676-8060-77EF143749F2}.Release|x86.Build.0 = Release|Win32
		{BF4D1927-4F4C-4EB3-BAE0-720F50F9676D}.Debug|Any CPU.ActiveCfg = Debug|x64
		{BF4D1927-4F4C-4EB3-BAE0-720F50F9676D}.Debug|Any CPU.Build.0 = Debug|x64
		{BF4D1927-4F4C-4EB3-BAE0-720F50F9676D}.Debug|x64.ActiveCfg = Debug|x64
		{BF4D1927-4F4C-4EB3-BAE0-720F50F9676D}.Debug|x64.Build.0 = Debug|x64
		{BF4D1927-4F4C-4EB3-BAE0-720F50F9676D}.Debug|x86.ActiveCfg = Debug|Win32
		{BF4D1927-4F4C-4EB3-BAE0-720F50F9676D}.Debug|x86.Build.0 = Debug|Win32
		{BF4D1927-4F4C-4EB3-BAE0-720F50F9676D}.Release|Any CPU.ActiveCfg = Release|x64
		{BF4D1927-4F4C-4EB3-BAE0-720F50F9676D}.Release|Any CPU.Build.0 = Release|x64
		{BF4D1927-4F4C-4EB3-BAE0-720F50F9676D}.Release|x64.ActiveCfg = Release|x64
		{BF4D1927-4F4C-4EB3-BAE0-720F50F9676D}.Release|x64.Build.0 = Release|x64
		{BF4D1927-4F4C-4EB3-BAE0-720F50F9676D}.Release|x86.ActiveCfg = Release|Win32
		{BF4D1927-4F4C-4EB3-BAE0-720F50F9676D}.Release|x86.Build.0 = Release|Win32
		{EEEEC799-C8B7-400A-B457-90563FACE6AC}.Debug|Any CPU.ActiveCfg = Debug|x64
		{EEEEC799-C8B7-400A-B457-90563FACE6AC}.Debug|Any CPU.Build.0 = Debug|x64
		{EEEEC799-C8B7-400A-B457-90563FACE6AC}.Debug|x64.ActiveCfg = Debug|x64
		{EEEEC799-C8B7-400A-B457-90563FACE6AC}.Debug|x64.Build.0 = Debug|x64
		{EEEEC799-C8B7-400A-B457-90563FACE6AC}.Debug|x86.ActiveCfg = Debug|Win32
		{EEEEC799-C8B7-400A-B457-90563FACE6AC}.Debug|x86.Build.0 = Debug|Win32
		{EEEEC799-C8B7-400A-B457-90563FACE6AC}.Release|Any CPU.ActiveCfg = Release|x64
		{EEEEC799-C8B7-400A-B457-90563FACE6AC}.Release|Any CPU.Build.0 = Release|x64
		{EEEEC799-C8B7-400A-B457-90563FACE6AC}.Release|x64.ActiveCfg = Release|x64
		{EEEEC799-C8B7-400A-B457-90563FACE6AC}.Release|x64.Build.0 = Release|x64
		{EEEEC799-C8B7-400A-B457-90563FACE6AC}.Release|x86.ActiveCfg = Release|Win32
		{EEEEC799-C8B7-400A-B457-90563FACE6AC}.Release|x86.Build.0 = Release|Win32
		{72BEE3AB-E3DE-4556-8137-EF58FA550A7C}.Debug|Any CPU.ActiveCfg = Debug|x64
		{72BEE3AB-E3DE-4556-8137-EF58FA550A7C}.Debug|Any CPU.Build.0 = Debug|x64
		{72BEE3AB-E3DE-4556-8137-EF58FA550A7C}.Debug|x64.ActiveCfg = Debug|x64
		{72BEE3AB-E3DE-4556-8137-EF58FA550A7C}.Debug|x64.Build.0 = Debug|x64
		{72BEE3AB-E3DE-4556-8137-EF58FA550A7C}.Debug|x86.ActiveCfg = Debug|Win32
		{72BEE3AB-E3DE-4556-8137-EF58FA550A7C}.Debug|x86.Build.0 = Debug|Win32
		{72BEE3AB-E3DE-4556-8137-EF58FA550A7C}.Release|Any CPU.ActiveCfg = Release|x64
		{72BEE3AB-E3DE-4556-8137-EF58FA550A7C}.Release|Any CPU.Build.0 = Release|x64
		{72BEE3AB-E3DE-4556-8137-EF58FA550A7C}.Release|x64.ActiveCfg = Release|x64
		{72BEE3AB-E3DE-4556-8137-EF58FA550A7C}.Release|x64.Build.0 = Release|x64
		{72BEE3AB-E3DE-4556-8137-EF58FA550A7C}.Release|x86.ActiveCfg = Release|Win32
		{72BEE3AB-E3DE-4556-8137-EF58FA550A7C}.Release|x86.Build.0 = Release|Win32
		{3FF5B7E6-B423-4EF8-AB26-7831F912571C}.Debug|Any CPU.ActiveCfg = Debug|x64
		{3FF5B7E6-B423-4EF8-AB26-7831F912571C}.Debug|Any CPU.Build.0 = Debug|x64
		{3FF5B7E6-B423-4EF8-AB26-7831F912571C}.Debug|x64.ActiveCfg = Debug|x64
		{3FF5B7E6-B423-4EF8-AB26-7831F912571C}.Debug|x64.Build.0 = Debug|x64
		{3FF5B7E6-B423-4EF8-AB26-7831F912571C}.Debug|x86.ActiveCfg = Debug|Win32
		{3FF5B7E6-B423-4EF8-AB26-7831F912571C}.Debug|x86.Build.0 = Debug|Win32
		{3FF5B7E6-B423-4EF8-AB26-7831F912571C}.Release|Any CPU.ActiveCfg = Release|x64
		{3FF5B7E6-B423-4EF8-AB26-7831F912571C}.Release|Any CPU.Build.0 = Release|x64
		{3FF5B7E6-B423-4EF8-AB26-7831F912571C}.Release|x64.ActiveCfg = Release|x64
		{3FF5B7E6-B423-4EF8-AB26-7831F912571C}.Release|x64.Build.0 = Release|x64
		{3FF5B7E6-B423-4EF8-AB26-7831F912571C}.Release|x86.ActiveCfg = Release|Win32
		{3FF5B7E6-B423-4EF8-AB26-7831F912571C}.Release|x86.Build.0 = Release|Win32
		{78AED86A-77A8-4DAE-AEE0-31C889D6837F}.Debug|Any CPU.ActiveCfg = Debug|x64
		{78AED86A-77A8-4DAE-AEE0-31C889D6837F}.Debug|Any CPU.Build.0 = Debug|x64
		{78AED86A-77A8-4DAE-AEE0-31C889D6837F}.Debug|x64.ActiveCfg = Debug|x64
		{78AED86A-77A8-4DAE-AEE0-31C889D6837F}.Debug|x64.Build.0 = Debug|x64
		{78AED86A-77A8-4DAE-AEE0-31C889D6837F}.Debug|x86.ActiveCfg = Debug|Win32
		{78AED86A-77A8-4DAE-AEE0-31C889D6837F}.Debug|x86.Build.0 = Debug|Win32
		{78AED86A-77A8-4DAE-AEE0-31C889D6837F}.Release|Any CPU.ActiveCfg = Release|x64
		{78AED86A-77A8-4DAE-AEE0-31C889D6837F}.Release|Any CPU.Build.0 = Release|x64
		{78AED86A-77A8-4DAE-AEE0-31C889D6837F}.Release|x64.ActiveCfg = Release|x64
		{78AED86A-77A8-4DAE-AEE0-31C889D6837F}.Release|x64.Build.0 = Release|x64
		{78AED86A-77A8-4DAE-AEE0-31C889D6837F}.Release|x86.ActiveCfg = Release|Win32
		{78AED86A-77A8-4DAE-AEE0-31C889D6837F}.Release|x86.Build.0 = Release|Win32
		{B978F9A7-6971-4932-9477-11A838B9E449}.Debug|Any CPU.ActiveCfg = Debug|x64
		{B978F9A7-6971-4932-9477-11A838B9E449}.Debug|Any CPU.Build.0 = Debug|x64
		{B978F9A7-6971-4932-9477-11A838B9E449}.Debug|x64.ActiveCfg = Debug|x64
		{B978F9A7-6971-4932-9477-11A838B9E449}.Debug|x64.Build.0 = Debug|x64
		{B978F9A7-6971-4932-9477-11A838B9E449}.Debug|x86.ActiveCfg = Debug|Win32
		{B978F9A7-6971-4932-9477-11A838B9E449}.Debug|x86.Build.0 = Debug|Win32
		{B978F9A7-6971-4932-9477-11A838B9E449}.Release|Any CPU.ActiveCfg = Release|x64
		{B978F9A7-6971-4932-9477-11A838B9E449}.Release|Any CPU.Build.0 = Release|x64
		{B978F9A7-6971-4932-9477-11A838B9E449}.Release|x64.ActiveCfg = Release|x64
		{B978F9A7-6971-4932-9477-11A838B9E449}.Release|x64.Build.0 = Release|x64
		{B978F9A7-6971-4932-9477-11A838B9E449}.Release|x86.ActiveCfg = Release|Win32
		{B978F9A7-6971-4932-9477-11A838B9E449}.Release|x86.Build.0 = Release|Win32
		{C28A938E-906A-4EB2-BA05-AE03F5CD0C6E}.Debug|Any CPU.ActiveCfg = Debug|x64
		{C28A938E-906A-4EB2-BA05-AE03F5CD0C6E}.Debug|Any CPU.Build.0 = Debug|x64
		{C28A938E-906A-4EB2-BA05-AE03F5CD0C6E}.Debug|x64.ActiveCfg = Debug|x64
		{C28A938E-906A-4EB2-BA05-AE03F5CD0C6E}.Debug|x64.Build.0 = Debug|x64
		{C28A938E-906A-4EB2-BA05-AE03F5CD0C6E}.Debug|x86.ActiveCfg = Debug|Win32
		{C28A938E-906A-4EB2-BA05-AE03F5CD0C6E}.Debug|x86.Build.0 = Debug|Win32
		{C28A938E-906A-4EB2-BA05-AE03F5CD0C6E}.Release|Any CPU.ActiveCfg = Release|x64
		{C28A938E-906A-4EB2-BA05-AE03F5CD0C6E}.Release|Any CPU.Build.0 = Release|x64
		{C28A938E-906A-4EB2-BA05-AE03F5CD0C6E}.Release|x64.ActiveCfg = Release|x64
		{C28A938E-906A-4EB2-BA05-AE03F5CD0C6E}.Release|x64.Build.0 = Release|x64
		{C28A938E-906A-4EB2-BA05-AE03F5CD0C6E}.Release|x86.ActiveCfg = Release|Win32
		{C28A938E-906A-4EB2-BA05-AE03F5CD0C6E}.Release|x86.Build.0 = Release|Win32
		{44ADD775-177B-4618-AA3D-4CF33F348B93}.Debug|Any CPU.ActiveCfg = Debug|x64
		{44ADD775-177B-4618-AA3D-4CF33F348B93}.Debug|Any CPU.Build.0 = Debug|x64
		{44ADD775-177B-4618-AA3D-4CF33F348B93}.Debug|x64.ActiveCfg = Debug|x64
		{44ADD775-177B-4618-AA3D-4CF33F348B93}.Debug|x64.Build.0 = Debug|x64
		{44ADD775-177B-4618-AA3D-4CF33F348B93}.Debug|x86.ActiveCfg = Debug|Win32
		{44ADD775-177B-4618-AA3D-4CF33F348B93}.Debug|x86.Build.0 = Debug|Win32
		{44ADD775-177B-4618-AA3D-4CF33F348B93}.Release|Any CPU.ActiveCfg = Release|x64
		{44ADD775-177B-4618-AA3D-4CF33F348B93}.Release|Any CPU.Build.0 = Release|x64
		{44ADD775-177B-4618-AA3D-4CF33F348B93}.Release|x64.ActiveCfg = Release|x64
		{44ADD775-177B-4618-AA3D-4CF33F348B93}.Release|x64.Build.0 = Release|x64
		{44ADD775-177B-4618-AA3D-4CF33F348B93}.Release|x86.ActiveCfg = Release|Win32
		{44ADD775-177B-4618-AA3D-4CF33F348B93}.Release|x86.Build.0 = Release|Win32
		{26E9CDA4-BFD2-4104-8609-9D9452284473}.Debug|Any CPU.ActiveCfg = Debug|x64
		{26E9CDA4-BFD2-4104-8609-9D9452284473}.Debug|Any CPU.Build.0 = Debug|x64
		{26E9CDA4-BFD2-4104-8609-9D9452284473}.Debug|x64.ActiveCfg = Debug|x64
		{26E9CDA4-BFD2-4104-8609-9D9452284473}.Debug|x64.Build.0 = Debug|x64
		{26E9CDA4-BFD2-4104-8609-9D9452284473}.Debug|x86.ActiveCfg = Debug|Win32
		{26E9CDA4-BFD2-4104-8609-9D9452284473}.Debug|x86.Build.0 = Debug|Win32
		{26E9CDA4-BFD2-4104-8609-9D9452284473}.Release|Any CPU.ActiveCfg = Release|x64
		{26E9CDA4-BFD2-4104-8609-9D9452284473}.Release|Any CPU.Build.0 = Release|x64
		{26E9CDA4-BFD2-4104-8609-9D9452284473}.Release|x64.ActiveCfg = Release|x64
		{26E9CDA4-BFD2-4104-8609-9D9452284473}.Release|x64.Build.0 = Release|x64
		{26E9CDA4-BFD2-4104-8609-9D9452284473}.Release|x86.ActiveCfg = Release|Win32
		{26E9CDA4-BFD2-4104-8609-9D9452284473}.Release|x86.Build.0 = Release|Win32
		{6898FA39-E968-4C5E-A553-713B4F351661}.Debug|Any CPU.ActiveCfg = Debug|x64
		{6898FA39-E968-4C5E-A553-713B4F351661}.Debug|Any CPU.Build.0 = Debug|x64
		{6898FA39-E968-4C5E-A553-713B4F351661}.Debug|x64.ActiveCfg = Debug|x64
		{6898FA39-E968-4C5E-A553-713B4F351661}.Debug|x64.Build.0 = Debug|x64
		{6898FA39-E968-4C5E-A553-713B4F351661}.Debug|x86.ActiveCfg = Debug|Win32
		{6898FA39-E968-4C5E-A553-713B4F351661}.Debug|x86.Build.0 = Debug|Win32
		{6898FA39-E968-4C5E-A553-713B4F351661}.Release|Any CPU.ActiveCfg = Release|x64
		{6898FA39-E968-4C5E-A553-713B4F351661}.Release|Any CPU.Build.0 = Release|x64
		{6898FA39-E968-4C5E-A553-713B4F351661}.Release|x64.ActiveCfg = Release|x64
		{6898FA39-E968-4C5E-A553-713B4F351661}.Release|x64.Build.0 = Release|x64
		{6898FA39-E968-4C5E-A553-713B4F351661}.Release|x86.ActiveCfg = Release|Win32
		{6898FA39-E968-4C5E-A553-713B4F351661}.Release|x86.Build.0 = Release|Win32
		{272C6EE2-FC67-4A79-BD4B-E528B154F489}.Debug|Any CPU.ActiveCfg = Debug|x64
		{272C6EE2-FC67-4A79-BD4B-E528B154F489}.Debug|Any CPU.Build.0 = Debug|x64
		{272C6EE2-FC67-4A79-BD4B-E528B154F489}.Debug|x64.ActiveCfg = Debug|x64
		{272C6EE2-FC67-4A79-BD4B-E528B154F489}.Debug|x64.Build.0 = Debug|x64
		{272C6EE2-FC67-4A79-BD4B-E528B154F489}.Debug|x86.ActiveCfg = Debug|Win32
		{272C6EE2-FC67-4A79-BD4B-E528B154F489}.Debug|x86.Build.0 = Debug|Win32
		{272C6EE2-FC67-4A79-BD4B-E528B154F489}.Release|Any CPU.ActiveCfg = Release|x64
		{272C6EE2-FC67-4A79-BD4B-E528B154F489}.Release|Any CPU.Build.0 = Release|x64
		{272C6EE2-FC67-4A79-BD4B-E528B154F489}.Release|x64.ActiveCfg = Release|x64
		{272C6EE2-FC67-4A79-BD4B-E528B154F489}.Release|x64.Build.0 = Release|x64
		{272C6EE2-FC67-4A79-BD4B-E528B154F489}.Release|x86.ActiveCfg = Release|Win32
		{272C6EE2-FC67-4A79-BD4B-E528B154F489}.Release|x86.Build.0 = Release|Win32
		{169F0791-8445-4FCD-993D-72AA69CE4333}.Debug|Any CPU.ActiveCfg = Debug|x64
		{169F0791-8445-4FCD-993D-72AA69CE4333}.Debug|Any CPU.Build.0 = Debug|x64
		{169F0791-8445-4FCD-993D-72AA69CE4333}.Debug|x64.ActiveCfg = Debug|x64
		{169F0791-8445-4FCD-993D-72AA69CE4333}.Debug|x64.Build.0 = Debug|x64
		{169F0791-8445-4FCD-993D-72AA69CE4333}.Debug|x86.ActiveCfg = Debug|Win32
		{169F0791-8445-4FCD-993D-72AA69CE4333}.Debug|x86.Build.0 = Debug|Win32
		{169F0791-8445-4FCD-993D-72AA69CE4333}.Release|Any CPU.ActiveCfg = Release|x64
		{169F0791-8445-4FCD-993D-72AA69CE4333}.Release|Any CPU.Build.0 = Release|x64
		{169F0791-8445-4FCD-993D-72AA69CE4333}.Release|x64.ActiveCfg = Release|x64
		{169F0791-8445-4FCD-993D-72AA69CE4333}.Release|x64.Build.0 = Release|x64
		{169F0791-8445-4FCD-993D-72AA69CE4333}.Release|x86.ActiveCfg = Release|Win32
		{169F0791-8445-4FCD-993D-72AA69CE4333}.Release|x86.Build.0 = Release|Win32
		{73B79771-028B-4FB1-8248-A323BF8336FD}.Debug|Any CPU.ActiveCfg = Debug|x64
		{73B79771-028B-4FB1-8248-A323BF8336FD}.Debug|Any CPU.Build.0 = Debug|x64
		{73B79771-028B-4FB1-8248-A323BF8336FD}.Debug|x64.ActiveCfg = Debug|x64
		{73B79771-028B-4FB1-8248-A323BF8336FD}.Debug|x64.Build.0 = Debug|x64
		{73B79771-028B-4FB1-8248-A323BF8336FD}.Debug|x86.ActiveCfg = Debug|Win32
		{73B79771-028B-4FB1-8248-A323BF8336FD}.Debug|x86.Build.0 = Debug|Win32
		{73B79771-028B-4FB1-8248-A323BF8336FD}.Release|Any CPU.ActiveCfg = Release|x64
		{73B79771-028B-4FB1-8248-A323BF8336FD}.Release|Any CPU.Build.0 = Release|x64
		{73B79771-028B-4FB1-8248-A323BF8336FD}.Release|x64.ActiveCfg = Release|x64
		{73B79771-028B-4FB1-8248-A323BF8336FD}.Release|x64.Build.0 = Release|x64
		{73B79771-028B-4FB1-8248-A323BF8336FD}.Release|x86.ActiveCfg = Release|Win32
		{73B79771-028B-4FB1-8248-A323BF8336FD}.Release|x86.Build.0 = Release|Win32
		{56A42517-53C0-479E-9701-37E4E081DF80}.Debug|Any CPU.ActiveCfg = Debug|x64
		{56A42517-53C0-479E-9701-37E4E081DF80}.Debug|Any CPU.Build.0 = Debug|x64
		{56A42517-53C0-479E-9701-37E4E081DF80}.Debug|x64.ActiveCfg = Debug|x64
		{56A42517-53C0-479E-9701-37E4E081DF80}.Debug|x64.Build.0 = Debug|x64
		{56A42517-53C0-479E-9701-37E4E081DF80}.Debug|x86.ActiveCfg = Debug|Win32
		{56A42517-53C0-479E-9701-37E4E081DF80}.Debug|x86.Build.0 = Debug|Win32
		{56A42517-53C0-479E-9701-37E4E081DF80}.Release|Any CPU.ActiveCfg = Release|x64
		{56A42517-53C0-479E-9701-37E4E081DF80}.Release|Any CPU.Build.0 = Release|x64
		{56A42517-53C0-479E-9701-37E4E081DF80}.Release|x64.ActiveCfg = Release|x64
		{56A42517-53C0-479E-9701-37E4E081DF80}.Release|x64.Build.0 = Release|x64
		{56A42517-53C0-479E-9701-37E4E081DF80}.Release|x86.ActiveCfg = Release|Win32
		{56A42517-53C0-479E-9701-37E4E081DF80}.Release|x86.Build.0 = Release|Win32
		{7E3450ED-C70F-4E53-B1CA-852AFD864116}.Debug|Any CPU.ActiveCfg = Debug|x64
		{7E3450ED-C70F-4E53-B1CA-852AFD864116}.Debug|Any CPU.Build.0 = Debug|x64
		{7E3450ED-C70F-4E53-B1CA-852AFD864116}.Debug|x64.ActiveCfg = Debug|x64
		{7E3450ED-C70F-4E53-B1CA-852AFD864116}.Debug|x64.Build.0 = Debug|x64
		{7E3450ED-C70F-4E53-B1CA-852AFD864116}.Debug|x86.ActiveCfg = Debug|Win32
		{7E3450ED-C70F-4E53-B1CA-852AFD864116}.Debug|x86.Build.0 = Debug|Win32
		{7E3450ED-C70F-4E53-B1CA-852AFD864116}.Release|Any CPU.ActiveCfg = Release|x64
		{7E3450ED-C70F-4E53-B1CA-852AFD864116}.Release|Any CPU.Build.0 = Release|x64
		{7E3450ED-C70F-4E53-B1CA-852AFD864116}.Release|x64.ActiveCfg = Release|x64
		{7E3450ED-C70F-4E53-B1CA-852AFD864116}.Release|x64.Build.0 = Release|x64
		{7E3450ED-C70F-4E53-B1CA-852AFD864116}.Release|x86.ActiveCfg = Release|Win32
		{7E3450ED-C70F-4E53-B1CA-852AFD864116}.Release|x86.Build.0 = Release|Win32
		{7ADB1F7B-A4CD-421D-ACA7-748B88BE053A}.Debug|Any CPU.ActiveCfg = Debug|x64
		{7ADB1F7B-A4CD-421D-ACA7-748B88BE053A}.Debug|Any CPU.Build.0 = Debug|x64
		{7ADB1F7B-A4CD-421D-ACA7-748B88BE053A}.Debug|x64.ActiveCfg = Debug|x64
		{7ADB1F7B-A4CD-421D-ACA7-748B88BE053A}.Debug|x64.Build.0 = Debug|x64
		{7ADB1F7B-A4CD-421D-ACA7-748B88BE053A}.Debug|x86.ActiveCfg = Debug|Win32
		{7ADB1F7B-A4CD-421D-ACA7-748B88BE053A}.Debug|x86.Build.0 = Debug|Win32
		{7ADB1F7B-A4CD-421D-ACA7-748B88BE053A}.Release|Any CPU.ActiveCfg = Release|x64
		{7ADB1F7B-A4CD-421D-ACA7-748B88BE053A}.Release|Any CPU.Build.0 = Release|x64
		{7ADB1F7B-A4CD-421D-ACA7-748B88BE053A}.Release|x64.ActiveCfg = Release|x64
		{7ADB1F7B-A4CD-421D-ACA7-748B88BE053A}.Release|x64.Build.0 = Release|x64
		{7ADB1F7B-A4CD-421D-ACA7-748B88BE053A}.Release|x86.ActiveCfg = Release|Win32
		{7ADB1F7B-A4CD-421D-ACA7-748B88BE053A}.Release|x86.Build.0 = Release|Win32
		{2BA624B3-5EBF-48B2-9EA4-1FE6D723DE01}.Debug|Any CPU.ActiveCfg = Debug|x64
		{2BA624B3-5EBF-48B2-9EA4-1FE6D723DE01}.Debug|Any CPU.Build.0 = Debug|x64
		{2BA624B3-5EBF-48B2-9EA4-1FE6D723DE01}.Debug|x64.ActiveCfg = Debug|x64
		{2BA624B3-5EBF-48B2-9EA4-1FE6D723DE01}.Debug|x64.Build.0 = Debug|x64
		{2BA624B3-5EBF-48B2-9EA4-1FE6D723DE01}.Debug|x86.ActiveCfg = Debug|Win32
		{2BA624B3-5EBF-48B2-9EA4-1FE6D723DE01}.Debug|x86.Build.0 = Debug|Win32
		{2BA624B3-5EBF-48B2-9EA4-1FE6D723DE01}.Release|Any CPU.ActiveCfg = Release|x64
		{2BA624B3-5EBF-48B2-9EA4-1FE6D723DE01}.Release|Any CPU.Build.0 = Release|x64
		{2BA624B3-5EBF-48B2-9EA4-1FE6D723DE01}.Release|x64.ActiveCfg = Release|x64
		{2BA624B3-5EBF-48B2-9EA4-1FE6D723DE01}.Release|x64.Build.0 = Release|x64
		{2BA624B3-5EBF-48B2-9EA4-1FE6D723DE01}.Release|x86.ActiveCfg = Release|Win32
		{2BA624B3-5EBF-48B2-9EA4-1FE6D723DE01}.Release|x86.Build.0 = Release|Win32
		{332D4CA2-000E-4B98-97C3-18513BDF1FD7}.Debug|Any CPU.ActiveCfg = Debug|x64
		{332D4CA2-000E-4B98-97C3-18513BDF1FD7}.Debug|Any CPU.Build.0 = Debug|x64
		{332D4CA2-000E-4B98-97C3-18513BDF1FD7}.Debug|x64.ActiveCfg = Debug|x64
		{332D4CA2-000E-4B98-97C3-18513BDF1FD7}.Debug|x64.Build.0 = Debug|x64
		{332D4CA2-000E-4B98-97C3-18513BDF1FD7}.Debug|x86.ActiveCfg = Debug|Win32
		{332D4CA2-000E-4B98-97C3-18513BDF1FD7}.Debug|x86.Build.0 = Debug|Win32
		{332D4CA2-000E-4B98-97C3-18513BDF1FD7}.Release|Any CPU.ActiveCfg = Release|x64
		{332D4CA2-000E-4B98-97C3-18513BDF1FD7}.Release|Any CPU.Build.0 = Release|x64
		{332D4CA2-000E-4B98-97C3-18513BDF1FD7}.Release|x64.ActiveCfg = Release|x64
		{332D4CA2-000E-4B98-97C3-18513BDF1FD7}.Release|x64.Build.0 = Release|x64
		{332D4CA2-000E-4B98-97C3-18513BDF1FD7}.Release|x86.ActiveCfg = Release|Win32
		{332D4CA2-000E-4B98-97C3-18513BDF1FD7}.Release|x86.Build.0 = Release|Win32
		{090B3F93-D3A3-4F88-973B-2C0D033C41BD}.Debug|Any CPU.ActiveCfg = Debug|x64
		{090B3F93-D3A3-4F88-973B-2C0D033C41BD}.Debug|Any CPU.Build.0 = Debug|x64
		{090B3F93-D3A3-4F88-973B-2C0D033C41BD}.Debug|x64.ActiveCfg = Debug|x64
		{090B3F93-D3A3-4F88-973B-2C0D033C41BD}.Debug|x64.Build.0 = Debug|x64
		{090B3F93-D3A3-4F88-973B-2C0D033C41BD}.Debug|x86.ActiveCfg = Debug|Win32
		{090B3F93-D3A3-4F88-973B-2C0D033C41BD}.Debug|x86.Build.0 = Debug|Win32
		{090B3F93-D3A3-4F88-973B-2C0D033C41BD}.Release|Any CPU.ActiveCfg = Release|x64
		{090B3F93-D3A3-4F88-973B-2C0D033C41BD}.Release|Any CPU.Build.0 = Release|x64
		{090B3F93-D3A3-4F88-973B-2C0D033C41BD}.Release|x64.ActiveCfg = Release|x64
		{090B3F93-D3A3-4F88-973B-2C0D033C41BD}.Release|x64.Build.0 = Release|x64
		{090B3F93-D3A3-4F88-973B-2C0D033C41BD}.Release|x86.ActiveCfg = Release|Win32
		{090B3F93-D3A3-4F88-973B-2C0D033C41BD}.Release|x86.Build.0 = Release|Win32
		{6A7C4BA7-C034-404E-A541-AA0AE0D2ECDB}.Debug|Any CPU.ActiveCfg = Debug|x64
		{6A7C4BA7-C034-404E-A541-AA0AE0D2ECDB}.Debug|Any CPU.Build.0 = Debug|x64
		{6A7C4BA7-C034-404E-A541-AA0AE0D2ECDB}.Debug|x64.ActiveCfg = Debug|x64
		{6A7C4BA7-C034-404E-A541-AA0AE0D2ECDB}.Debug|x64.Build.0 = Debug|x64
		{6A7C4BA7-C034-404E-A541-AA0AE0D2ECDB}.Debug|x86.ActiveCfg = Debug|Win32
		{6A7C4BA7-C034-404E-A541-AA0AE0D2ECDB}.Debug|x86.Build.0 = Debug|Win32
		{6A7C4BA7-C034-404E-A541-AA0AE0D2ECDB}.Release|Any CPU.ActiveCfg = Release|x64
		{6A7C4BA7-C034-404E-A541-AA0AE0D2ECDB}.Release|Any CPU.Build.0 = Release|x64
		{6A7C4BA7-C034-404E-A541-AA0AE0D2ECDB}.Release|x64.ActiveCfg = Release|x64
		{6A7C4BA7-C034-404E-A541-AA0AE0D2ECDB}.Release|x64.Build.0 = Release|x64
		{6A7C4BA7-C034-404E-A541-AA0AE0D2ECDB}.Release|x86.ActiveCfg = Release|Win32
		{6A7C4BA7-C034-404E-A541-AA0AE0D2ECDB}.Release|x86.Build.0 = Release|Win32
		{F366B698-7C71-4E24-8F07-583D79E02A45}.Debug|Any CPU.ActiveCfg = Debug|x64
		{F366B698-7C71-4E24-8F07-583D79E02A45}.Debug|Any CPU.Build.0 = Debug|x64
		{F366B698-7C71-4E24-8F07-583D79E02A45}.Debug|x64.ActiveCfg = Debug|x64
		{F366B698-7C71-4E24-8F07-583D79E02A45}.Debug|x64.Build.0 = Debug|x64
		{F366B698-7C71-4E24-8F07-583D79E02A45}.Debug|x86.ActiveCfg = Debug|Win32
		{F366B698-7C71-4E24-8F07-583D79E02A45}.Debug|x86.Build.0 = Debug|Win32
		{F366B698-7C71-4E24-8F07-583D79E02A45}.Release|Any CPU.ActiveCfg = Release|x64
		{F366B698-7C71-4E24-8F07-583D79E02A45}.Release|Any CPU.Build.0 = Release|x64
		{F366B698-7C71-4E24-8F07-583D79E02A45}.Release|x64.ActiveCfg = Release|x64
		{F366B698-7C71-4E24-8F07-583D79E02A45}.Release|x64.Build.0 = Release|x64
		{F366B698-7C71-4E24-8F07-583D79E02A45}.Release|x86.ActiveCfg = Release|Win32
		{F366B698-7C71-4E24-8F07-583D79E02A45}.Release|x86.Build.0 = Release|Win32
		{F9AD4303-13B0-4D66-B011-B5EA12A2BC41}.Debug|Any CPU.ActiveCfg = Debug|x64
		{F9AD4303-13B0-4D66-B011-B5EA12A2BC41}.Debug|Any CPU.Build.0 = Debug|x64
		{F9AD4303-13B0-4D66-B011-B5EA12A2BC41}.Debug|x64.ActiveCfg = Debug|x64
		{F9AD4303-13B0-4D66-B011-B5EA12A2BC41}.Debug|x64.Build.0 = Debug|x64
		{F9AD4303-13B0-4D66-B011-B5EA12A2BC41}.Debug|x86.ActiveCfg = Debug|Win32
		{F9AD4303-13B0-4D66-B011-B5EA12A2BC41}.Debug|x86.Build.0 = Debug|Win32
		{F9AD4303-13B0-4D66-B011-B5EA12A2BC41}.Release|Any CPU.ActiveCfg = Release|x64
		{F9AD4303-13B0-4D66-B011-B5EA12A2BC41}.Release|Any CPU.Build.0 = Release|x64
		{F9AD4303-13B0-4D66-B011-B5EA12A2BC41}.Release|x64.ActiveCfg = Release|x64
		{F9AD4303-13B0-4D66-B011-B5EA12A2BC41}.Release|x64.Build.0 = Release|x64
		{F9AD4303-13B0-4D66-B011-B5EA12A2BC41}.Release|x86.ActiveCfg = Release|Win32
		{F9AD4303-13B0-4D66-B011-B5EA12A2BC41}.Release|x86.Build.0 = Release|Win32
		{ED08BEB0-5E92-4081-91C9-5071AB41AA29}.Debug|Any CPU.ActiveCfg = Debug|x64
		{ED08BEB0-5E92-4081-91C9-5071AB41AA29}.Debug|Any CPU.Build.0 = Debug|x64
		{ED08BEB0-5E92-4081-91C9-5071AB41AA29}.Debug|x64.ActiveCfg = Debug|x64
		{ED08BEB0-5E92-4081-91C9-5071AB41AA29}.Debug|x64.Build.0 = Debug|x64
		{ED08BEB0-5E92-4081-91C9-5071AB41AA29}.Debug|x86.ActiveCfg = Debug|Win32
		{ED08BEB0-5E92-4081-91C9-5071AB41AA29}.Debug|x86.Build.0 = Debug|Win32
		{ED08BEB0-5E92-4081-91C9-5071AB41AA29}.Release|Any CPU.ActiveCfg = Release|x64
		{ED08BEB0-5E92-4081-91C9-5071AB41AA29}.Release|Any CPU.Build.0 = Release|x64
		{ED08BEB0-5E92-4081-91C9-5071AB41AA29}.Release|x64.ActiveCfg = Release|x64
		{ED08BEB0-5E92-4081-91C9-5071AB41AA29}.Release|x64.Build.0 = Release|x64
		{ED08BEB0-5E92-4081-91C9-5071AB41AA29}.Release|x86.ActiveCfg = Release|Win32
		{ED08BEB0-5E92-4081-91C9-5071AB41AA29}.Release|x86.Build.0 = Release|Win32
		{9F9F6F33-5ABD-4FBF-A815-0BBB9E6FD050}.Debug|Any CPU.ActiveCfg = Debug|x64
		{9F9F6F33-5ABD-4FBF-A815-0BBB9E6FD050}.Debug|Any CPU.Build.0 = Debug|x64
		{9F9F6F33-5ABD-4FBF-A815-0BBB9E6FD050}.Debug|x64.ActiveCfg = Debug|x64
		{9F9F6F33-5ABD-4FBF-A815-0BBB9E6FD050}.Debug|x64.Build.0 = Debug|x64
		{9F9F6F33-5ABD-4FBF-A815-0BBB9E6FD050}.Debug|x86.ActiveCfg = Debug|Win32
		{9F9F6F33-5ABD-4FBF-A815-0BBB9E6FD050}.Debug|x86.Build.0 = Debug|Win32
		{9F9F6F33-5ABD-4FBF-A815-0BBB9E6FD050}.Release|Any CPU.ActiveCfg = Release|x64
		{9F9F6F33-5ABD-4FBF-A815-0BBB9E6FD050}.Release|Any CPU.Build.0 = Release|x64
		{9F9F6F33-5ABD-4FBF-A815-0BBB9E6FD050}.Release|x64.ActiveCfg = Release|x64
		{9F9F6F33-5ABD-4FBF-A815-0BBB9E6FD050}.Release|x64.Build.0 = Release|x64
		{9F9F6F33-5ABD-4FBF-A815-0BBB9E6FD050}.Release|x86.ActiveCfg = Release|Win32
		{9F9F6F33-5ABD-4FBF-A815-0BBB9E6FD050}.Release|x86.Build.0 = Release|Win32
		{7C7A3174-8B5A-42CC-ACF1-02F73EBFF9BD}.Debug|Any CPU.ActiveCfg = Debug|x64
		{7C7A3174-8B5A-42CC-ACF1-02F73EBFF9BD}.Debug|Any CPU.Build.0 = Debug|x64
		{7C7A3174-8B5A-42CC-ACF1-02F73EBFF9BD}.Debug|x64.ActiveCfg = Debug|x64
		{7C7A3174-8B5A-42CC-ACF1-02F73EBFF9BD}.Debug|x64.Build.0 = Debug|x64
		{7C7A3174-8B5A-42CC-ACF1-02F73EBFF9BD}.Debug|x86.ActiveCfg = Debug|Win32
		{7C7A3174-8B5A-42CC-ACF1-02F73EBFF9BD}.Debug|x86.Build.0 = Debug|Win32
		{7C7A3174-8B5A-42CC-ACF1-02F73EBFF9BD}.Release|Any CPU.ActiveCfg = Release|x64
		{7C7A3174-8B5A-42CC-ACF1-02F73EBFF9BD}.Release|Any CPU.Build.0 = Release|x64
		{7C7A3174-8B5A-42CC-ACF1-02F73EBFF9BD}.Release|x64.ActiveCfg = Release|x64
		{7C7A3174-8B5A-42CC-ACF1-02F73EBFF9BD}.Release|x64.Build.0 = Release|x64
		{7C7A3174-8B5A-42CC-ACF1-02F73EBFF9BD}.Release|x86.ActiveCfg = Release|Win32
		{7C7A3174-8B5A-42CC-ACF1-02F73EBFF9BD}.Release|x86.Build.0 = Release|Win32
		{319D14C5-144D-480A-833D-B603C8B4C5E9}.Debug|Any CPU.ActiveCfg = Debug|x64
		{319D14C5-144D-480A-833D-B603C8B4C5E9}.Debug|Any CPU.Build.0 = Debug|x64
		{319D14C5-144D-480A-833D-B603C8B4C5E9}.Debug|x64.ActiveCfg = Debug|x64
		{319D14C5-144D-480A-833D-B603C8B4C5E9}.Debug|x64.Build.0 = Debug|x64
		{319D14C5-144D-480A-833D-B603C8B4C5E9}.Debug|x86.ActiveCfg = Debug|Win32
		{319D14C5-144D-480A-833D-B603C8B4C5E9}.Debug|x86.Build.0 = Debug|Win32
		{319D14C5-144D-480A-833D-B603C8B4C5E9}.Release|Any CPU.ActiveCfg = Release|x64
		{319D14C5-144D-480A-833D-B603C8B4C5E9}.Release|Any CPU.Build.0 = Release|x64
		{319D14C5-144D-480A-833D-B603C8B4C5E9}.Release|x64.ActiveCfg = Release|x64
		{319D14C5-144D-480A-833D-B603C8B4C5E9}.Release|x64.Build.0 = Release|x64
		{319D14C5-144D-480A-833D-B603C8B4C5E9}.Release|x86.ActiveCfg = Release|Win32
		{319D14C5-144D-480A-833D-B603C8B4C5E9}.Release|x86.Build.0 = Release|Win32
		{841C8D6D-D3ED-49B0-82E7-BA002EDCC673}.Debug|Any CPU.ActiveCfg = Debug|x64
		{841C8D6D-D3ED-49B0-82E7-BA002EDCC673}.Debug|Any CPU.Build.0 = Debug|x64
		{841C8D6D-D3ED-49B0-82E7-BA002EDCC673}.Debug|x64.ActiveCfg = Debug|x64
		{841C8D6D-D3ED-49B0-82E7-BA002EDCC673}.Debug|x64.Build.0 = Debug|x64
		{841C8D6D-D3ED-49B0-82E7-BA002EDCC673}.Debug|x86.ActiveCfg = Debug|Win32
		{841C8D6D-D3ED-49B0-82E7-BA002EDCC673}.Debug|x86.Build.0 = Debug|Win32
		{841C8D6D-D3ED-49B0-82E7-BA002EDCC673}.Release|Any CPU.ActiveCfg = Release|x64
		{841C8D6D-D3ED-49B0-82E7-BA002EDCC673}.Release|Any CPU.Build.0 = Release|x64
		{841C8D6D-D3ED-49B0-82E7-BA002EDCC673}.Release|x64.ActiveCfg = Release|x64
		{841C8D6D-D3ED-49B0-82E7-BA002EDCC673}.Release|x64.Build.0 = Release|x64
		{841C8D6D-D3ED-49B0-82E7-BA002EDCC673}.Release|x86.ActiveCfg = Release|Win32
		{841C8D6D-D3ED-49B0-82E7-BA002EDCC673}.Release|x86.Build.0 = Release|Win32
		{EB3A734F-DFE5-4FE4-A590-08548427BA65}.Debug|Any CPU.ActiveCfg = Debug|x64
		{EB3A734F-DFE5-4FE4-A590-08548427BA65}.Debug|Any CPU.Build.0 = Debug|x64
		{EB3A734F-DFE5-4FE4-A590-08548427BA65}.Debug|x64.ActiveCfg = Debug|x64
		{EB3A734F-DFE5-4FE4-A590-08548427BA65}.Debug|x64.Build.0 = Debug|x64
		{EB3A734F-DFE5-4FE4-A590-08548427BA65}.Debug|x86.ActiveCfg = Debug|Win32
		{EB3A734F-DFE5-4FE4-A590-08548427BA65}.Debug|x86.Build.0 = Debug|Win32
		{EB3A734F-DFE5-4FE4-A590-08548427BA65}.Release|Any CPU.ActiveCfg = Release|x64
		{EB3A734F-DFE5-4FE4-A590-08548427BA65}.Release|Any CPU.Build.0 = Release|x64
		{EB3A734F-DFE5-4FE4-A590-08548427BA65}.Release|x64.ActiveCfg = Release|x64
		{EB3A734F-DFE5-4FE4-A590-08548427BA65}.Release|x64.Build.0 = Release|x64
		{EB3A734F-DFE5-4FE4-A590-08548427BA65}.Release|x86.ActiveCfg = Release|Win32
		{EB3A734F-DFE5-4FE4-A590-08548427BA65}.Release|x86.Build.0 = Release|Win32
		{974C1243-7D80-4838-8204-C690CD2A6904}.Debug|Any CPU.ActiveCfg = Debug|x64
		{974C1243-7D80-4838-8204-C690CD2A6904}.Debug|Any CPU.Build.0 = Debug|x64
		{974C1243-7D80-4838-8204-C690CD2A6904}.Debug|x64.ActiveCfg = Debug|x64
		{974C1243-7D80-4838-8204-C690CD2A6904}.Debug|x64.Build.0 = Debug|x64
		{974C1243-7D80-4838-8204-C690CD2A6904}.Debug|x86.ActiveCfg = Debug|Win32
		{974C1243-7D80-4838-8204-C690CD2A6904}.Debug|x86.Build.0 = Debug|Win32
		{974C1243-7D80-4838-8204-C690CD2A6904}.Release|Any CPU.ActiveCfg = Release|x64
		{974C1243-7D80-4838-8204-C690CD2A6904}.Release|Any CPU.Build.0 = Release|x64
		{974C1243-7D80-4838-8204-C690CD2A6904}.Release|x64.ActiveCfg = Release|x64
		{974C1243-7D80-4838-8204-C690CD2A6904}.Release|x64.Build.0 = Release|x64
		{974C1243-7D80-4838-8204-C690CD2A6904}.Release|x86.ActiveCfg = Release|Win32
		{974C1243-7D80-4838-8204-C690CD2A6904}.Release|x86.Build.0 = Release|Win32
		{B74BC19C-F8C8-41EA-8005-DEE748937F96}.Debug|Any CPU.ActiveCfg = Debug|x64
		{B74BC19C-F8C8-41EA-8005-DEE748937F96}.Debug|Any CPU.Build.0 = Debug|x64
		{B74BC19C-F8C8-41EA-8005-DEE748937F96}.Debug|x64.ActiveCfg = Debug|x64
		{B74BC19C-F8C8-41EA-8005-DEE748937F96}.Debug|x64.Build.0 = Debug|x64
		{B74BC19C-F8C8-41EA-8005-DEE748937F96}.Debug|x86.ActiveCfg = Debug|Win32
		{B74BC19C-F8C8-41EA-8005-DEE748937F96}.Debug|x86.Build.0 = Debug|Win32
		{B74BC19C-F8C8-41EA-8005-DEE748937F96}.Release|Any CPU.ActiveCfg = Release|x64
		{B74BC19C-F8C8-41EA-8005-DEE748937F96}.Release|Any CPU.Build.0 = Release|x64
		{B74BC19C-F8C8-41EA-8005-DEE748937F96}.Release|x64.ActiveCfg = Release|x64
		{B74BC19C-F8C8-41EA-8005-DEE748937F96}.Release|x64.Build.0 = Release|x64
		{B74BC19C-F8C8-41EA-8005-DEE748937F96}.Release|x86.ActiveCfg = Release|Win32
		{B74BC19C-F8C8-41EA-8005-DEE748937F96}.Release|x86.Build.0 = Release|Win32
		{07504E5A-C2B5-4C9C-9A97-0D4DB905EE65}.Debug|Any CPU.ActiveCfg = Debug|x64
		{07504E5A-C2B5-4C9C-9A97-0D4DB905EE65}.Debug|Any CPU.Build.0 = Debug|x64
		{07504E5A-C2B5-4C9C-9A97-0D4DB905EE65}.Debug|x64.ActiveCfg = Debug|x64
		{07504E5A-C2B5-4C9C-9A97-0D4DB905EE65}.Debug|x64.Build.0 = Debug|x64
		{07504E5A-C2B5-4C9C-9A97-0D4DB905EE65}.Debug|x86.ActiveCfg = Debug|Win32
		{07504E5A-C2B5-4C9C-9A97-0D4DB905EE65}.Debug|x86.Build.0 = Debug|Win32
		{07504E5A-C2B5-4C9C-9A97-0D4DB905EE65}.Release|Any CPU.ActiveCfg = Release|x64
		{07504E5A-C2B5-4C9C-9A97-0D4DB905EE65}.Release|Any CPU.Build.0 = Release|x64
		{07504E5A-C2B5-4C9C-9A97-0D4DB905EE65}.Release|x64.ActiveCfg = Release|x64
		{07504E5A-C2B5-4C9C-9A97-0D4DB905EE65}.Release|x64.Build.0 = Release|x64
		{07504E5A-C2B5-4C9C-9A97-0D4DB905EE65}.Release|x86.ActiveCfg = Release|Win32
		{07504E5A-C2B5-4C9C-9A97-0D4DB905EE65}.Release|x86.Build.0 = Release|Win32
	EndGlobalSection
	GlobalSection(SolutionProperties) = preSolution
		HideSolutionNode = FALSE
	EndGlobalSection
	GlobalSection(NestedProjects) = preSolution
		{A3923229-A708-41DF-963F-451EDD0E5D86} = {AD63E5CB-33C8-45A0-A763-7E93F3F12032}
		{B573EE36-77F2-4920-80C8-3EB13C33B92D} = {AD63E5CB-33C8-45A0-A763-7E93F3F12032}
		{418E1CCC-BBBB-4E50-AD87-E8EC386A80B4} = {AD63E5CB-33C8-45A0-A763-7E93F3F12032}
		{F1DD4706-78B5-4C9A-A21C-1B03F58CFE77} = {AD63E5CB-33C8-45A0-A763-7E93F3F12032}
		{B300BD83-CA44-497D-9013-FCDD5700A048} = {AD63E5CB-33C8-45A0-A763-7E93F3F12032}
		{D868FEC5-9CF8-4EA1-A807-A3959364022C} = {AD63E5CB-33C8-45A0-A763-7E93F3F12032}
		{71C9C35D-9685-42AF-992C-5BEAA26D913F} = {AD63E5CB-33C8-45A0-A763-7E93F3F12032}
		{4720BA09-5D8D-4879-9680-A48271B3AA01} = {AD63E5CB-33C8-45A0-A763-7E93F3F12032}
		{0C13FCB7-51ED-4DCA-96FB-C1AEF70CC9DD} = {AD63E5CB-33C8-45A0-A763-7E93F3F12032}
		{FD012AEE-9F45-4A56-925B-2DE8132886A5} = {AD63E5CB-33C8-45A0-A763-7E93F3F12032}
		{1FEDBFAB-362E-4C2E-999B-10F819658695} = {AD63E5CB-33C8-45A0-A763-7E93F3F12032}
		{A70E6D9A-7695-41C7-8614-F847BA9C16CE} = {AD63E5CB-33C8-45A0-A763-7E93F3F12032}
		{A5C19D46-99BD-4CB7-B0D8-826D08A314BC} = {AD63E5CB-33C8-45A0-A763-7E93F3F12032}
		{CE828B14-C034-4A4B-B7AA-2BB003DEA259} = {AD63E5CB-33C8-45A0-A763-7E93F3F12032}
		{22A09CC8-6A4D-4A38-B3BF-B6143D214DFB} = {DC5A7E2C-AC4C-475C-B63F-605F4A33A895}
		{3AF13802-A1DF-4337-AC04-5FF9EF986888} = {DC5A7E2C-AC4C-475C-B63F-605F4A33A895}
		{45B93A8F-BBBA-48DE-B6A9-5D43A2B085A2} = {DC5A7E2C-AC4C-475C-B63F-605F4A33A895}
		{B9C3A74E-6CBA-4442-9E12-78338DDC449D} = {DC5A7E2C-AC4C-475C-B63F-605F4A33A895}
		{857140C4-ED84-49CD-95E9-0581A074BACF} = {DC5A7E2C-AC4C-475C-B63F-605F4A33A895}
		{BB3ABED0-9DE4-4947-B4A3-3C6E7DBFE8F7} = {DC5A7E2C-AC4C-475C-B63F-605F4A33A895}
		{73FB84F7-A2AF-4676-8060-77EF143749F2} = {DC5A7E2C-AC4C-475C-B63F-605F4A33A895}
		{BF4D1927-4F4C-4EB3-BAE0-720F50F9676D} = {DC5A7E2C-AC4C-475C-B63F-605F4A33A895}
		{EEEEC799-C8B7-400A-B457-90563FACE6AC} = {DC5A7E2C-AC4C-475C-B63F-605F4A33A895}
		{72BEE3AB-E3DE-4556-8137-EF58FA550A7C} = {DC5A7E2C-AC4C-475C-B63F-605F4A33A895}
		{3FF5B7E6-B423-4EF8-AB26-7831F912571C} = {DC5A7E2C-AC4C-475C-B63F-605F4A33A895}
		{78AED86A-77A8-4DAE-AEE0-31C889D6837F} = {DC5A7E2C-AC4C-475C-B63F-605F4A33A895}
		{B978F9A7-6971-4932-9477-11A838B9E449} = {DC5A7E2C-AC4C-475C-B63F-605F4A33A895}
		{C28A938E-906A-4EB2-BA05-AE03F5CD0C6E} = {DC5A7E2C-AC4C-475C-B63F-605F4A33A895}
		{44ADD775-177B-4618-AA3D-4CF33F348B93} = {DC5A7E2C-AC4C-475C-B63F-605F4A33A895}
		{26E9CDA4-BFD2-4104-8609-9D9452284473} = {DC5A7E2C-AC4C-475C-B63F-605F4A33A895}
		{6898FA39-E968-4C5E-A553-713B4F351661} = {DC5A7E2C-AC4C-475C-B63F-605F4A33A895}
		{272C6EE2-FC67-4A79-BD4B-E528B154F489} = {DC5A7E2C-AC4C-475C-B63F-605F4A33A895}
		{169F0791-8445-4FCD-993D-72AA69CE4333} = {DC5A7E2C-AC4C-475C-B63F-605F4A33A895}
		{73B79771-028B-4FB1-8248-A323BF8336FD} = {DC5A7E2C-AC4C-475C-B63F-605F4A33A895}
		{56A42517-53C0-479E-9701-37E4E081DF80} = {DC5A7E2C-AC4C-475C-B63F-605F4A33A895}
		{7E3450ED-C70F-4E53-B1CA-852AFD864116} = {DC5A7E2C-AC4C-475C-B63F-605F4A33A895}
		{7ADB1F7B-A4CD-421D-ACA7-748B88BE053A} = {DC5A7E2C-AC4C-475C-B63F-605F4A33A895}
		{5593F576-6DCF-4BE5-830D-686A31F7D155} = {9F9C530F-9043-4A0E-BCB2-A7696E6B3C2E}
		{916EB3FF-FDC5-4FED-AF0C-A3881A9AAF1F} = {6C407583-4AD6-426A-A16D-770F12F28286}
		{AD63E5CB-33C8-45A0-A763-7E93F3F12032} = {9F9C530F-9043-4A0E-BCB2-A7696E6B3C2E}
		{DC5A7E2C-AC4C-475C-B63F-605F4A33A895} = {6C407583-4AD6-426A-A16D-770F12F28286}
		{2BA624B3-5EBF-48B2-9EA4-1FE6D723DE01} = {DC5A7E2C-AC4C-475C-B63F-605F4A33A895}
		{332D4CA2-000E-4B98-97C3-18513BDF1FD7} = {916EB3FF-FDC5-4FED-AF0C-A3881A9AAF1F}
		{090B3F93-D3A3-4F88-973B-2C0D033C41BD} = {916EB3FF-FDC5-4FED-AF0C-A3881A9AAF1F}
		{6A7C4BA7-C034-404E-A541-AA0AE0D2ECDB} = {916EB3FF-FDC5-4FED-AF0C-A3881A9AAF1F}
		{F366B698-7C71-4E24-8F07-583D79E02A45} = {916EB3FF-FDC5-4FED-AF0C-A3881A9AAF1F}
		{F9AD4303-13B0-4D66-B011-B5EA12A2BC41} = {916EB3FF-FDC5-4FED-AF0C-A3881A9AAF1F}
		{ED08BEB0-5E92-4081-91C9-5071AB41AA29} = {916EB3FF-FDC5-4FED-AF0C-A3881A9AAF1F}
		{9F9F6F33-5ABD-4FBF-A815-0BBB9E6FD050} = {916EB3FF-FDC5-4FED-AF0C-A3881A9AAF1F}
		{7C7A3174-8B5A-42CC-ACF1-02F73EBFF9BD} = {5593F576-6DCF-4BE5-830D-686A31F7D155}
		{319D14C5-144D-480A-833D-B603C8B4C5E9} = {5593F576-6DCF-4BE5-830D-686A31F7D155}
		{841C8D6D-D3ED-49B0-82E7-BA002EDCC673} = {5593F576-6DCF-4BE5-830D-686A31F7D155}
		{EB3A734F-DFE5-4FE4-A590-08548427BA65} = {5593F576-6DCF-4BE5-830D-686A31F7D155}
		{974C1243-7D80-4838-8204-C690CD2A6904} = {5593F576-6DCF-4BE5-830D-686A31F7D155}
		{B74BC19C-F8C8-41EA-8005-DEE748937F96} = {5593F576-6DCF-4BE5-830D-686A31F7D155}
		{07504E5A-C2B5-4C9C-9A97-0D4DB905EE65} = {5593F576-6DCF-4BE5-830D-686A31F7D155}
	EndGlobalSection
	GlobalSection(ExtensibilityGlobals) = postSolution
		SolutionGuid = {0928A013-64B5-4FF3-9879-81CB6E04CF15}
	EndGlobalSection
EndGlobal
