
Microsoft Visual Studio Solution File, Format Version 12.00
# Visual Studio Version 17
VisualStudioVersion = 17.0.31912.275
MinimumVisualStudioVersion = 10.0.40219.1
Project("{8BC9CEB8-8B4A-11D0-8D11-00A0C91BC942}") = "3.01 limits", "3.1 limits\3.1 limits.vcxproj", "{A3923229-A708-41DF-963F-451EDD0E5D86}"
EndProject
Project("{8BC9CEB8-8B4A-11D0-8D11-00A0C91BC942}") = "3.02 exceed", "3.2 exceed\3.2 exceed.vcxproj", "{B573EE36-77F2-4920-80C8-3EB13C33B92D}"
EndProject
Project("{8BC9CEB8-8B4A-11D0-8D11-00A0C91BC942}") = "3.03 hexoct1", "3.3 hexoct1\3.3 hexoct1.vcxproj", "{418E1CCC-BBBB-4E50-AD87-E8EC386A80B4}"
EndProject
Project("{8BC9CEB8-8B4A-11D0-8D11-00A0C91BC942}") = "3.04 hexoct2", "3.4 hexoct2\3.4 hexoct2.vcxproj", "{F1DD4706-78B5-4C9A-A21C-1B03F58CFE77}"
EndProject
Project("{8BC9CEB8-8B4A-11D0-8D11-00A0C91BC942}") = "3.05 chartype", "3.5 chartype\3.5 chartype.vcxproj", "{B300BD83-CA44-497D-9013-FCDD5700A048}"
EndProject
Project("{8BC9CEB8-8B4A-11D0-8D11-00A0C91BC942}") = "3.06 morechar", "3.6 morechar\3.6 morechar.vcxproj", "{D868FEC5-9CF8-4EA1-A807-A3959364022C}"
EndProject
Project("{8BC9CEB8-8B4A-11D0-8D11-00A0C91BC942}") = "3.07 bondini", "3.7 bondini\3.7 bondini.vcxproj", "{71C9C35D-9685-42AF-992C-5BEAA26D913F}"
EndProject
Project("{8BC9CEB8-8B4A-11D0-8D11-00A0C91BC942}") = "3.08 floatnum", "3.8 floatnum\3.8 floatnum.vcxproj", "{4720BA09-5D8D-4879-9680-A48271B3AA01}"
EndProject
Project("{8BC9CEB8-8B4A-11D0-8D11-00A0C91BC942}") = "3.09 fltadd", "3.9 fltadd\3.9 fltadd.vcxproj", "{0C13FCB7-51ED-4DCA-96FB-C1AEF70CC9DD}"
EndProject
Project("{8BC9CEB8-8B4A-11D0-8D11-00A0C91BC942}") = "3.10 arith", "3.10 arith\3.10 arith.vcxproj", "{FD012AEE-9F45-4A56-925B-2DE8132886A5}"
EndProject
Project("{8BC9CEB8-8B4A-11D0-8D11-00A0C91BC942}") = "3.11 divide", "3.11 divide\3.11 divide.vcxproj", "{1FEDBFAB-362E-4C2E-999B-10F819658695}"
EndProject
Project("{8BC9CEB8-8B4A-11D0-8D11-00A0C91BC942}") = "3.12 modulus", "3.12 modulus\3.12 modulus.vcxproj", "{A70E6D9A-7695-41C7-8614-F847BA9C16CE}"
EndProject
Project("{8BC9CEB8-8B4A-11D0-8D11-00A0C91BC942}") = "3.13 assign", "3.13 assign\3.13 assign.vcxproj", "{A5C19D46-99BD-4CB7-B0D8-826D08A314BC}"
EndProject
Project("{8BC9CEB8-8B4A-11D0-8D11-00A0C91BC942}") = "3.14 typecast", "3.14 typecast\3.14 typecast.vcxproj", "{CE828B14-C034-4A4B-B7AA-2BB003DEA259}"
EndProject
Project("{8BC9CEB8-8B4A-11D0-8D11-00A0C91BC942}") = "3P_01", "P_01\P_01.vcxproj", "{7C7A3174-8B5A-42CC-ACF1-02F73EBFF9BD}"
EndProject
Project("{8BC9CEB8-8B4A-11D0-8D11-00A0C91BC942}") = "3P_02", "P_02\P_02.vcxproj", "{319D14C5-144D-480A-833D-B603C8B4C5E9}"
EndProject
Project("{8BC9CEB8-8B4A-11D0-8D11-00A0C91BC942}") = "3P_03", "P_03\P_03.vcxproj", "{841C8D6D-D3ED-49B0-82E7-BA002EDCC673}"
EndProject
Project("{8BC9CEB8-8B4A-11D0-8D11-00A0C91BC942}") = "3P_04", "P_04\P_04.vcxproj", "{EB3A734F-DFE5-4FE4-A590-08548427BA65}"
EndProject
Project("{8BC9CEB8-8B4A-11D0-8D11-00A0C91BC942}") = "3P_05", "P_05\P_05.vcxproj", "{974C1243-7D80-4838-8204-C690CD2A6904}"
EndProject
Project("{8BC9CEB8-8B4A-11D0-8D11-00A0C91BC942}") = "3P_06", "P6\P6.vcxproj", "{B74BC19C-F8C8-41EA-8005-DEE748937F96}"
EndProject
Project("{8BC9CEB8-8B4A-11D0-8D11-00A0C91BC942}") = "3P_07", "P_07\P_07.vcxproj", "{07504E5A-C2B5-4C9C-9A97-0D4DB905EE65}"
EndProject
Project("{8BC9CEB8-8B4A-11D0-8D11-00A0C91BC942}") = "4.1 arrayone", "4.1 arrayone\4.1 arrayone.vcxproj", "{22A09CC8-6A4D-4A38-B3BF-B6143D214DFB}"
EndProject
Project("{8BC9CEB8-8B4A-11D0-8D11-00A0C91BC942}") = "4.2 strings", "4.2 strings\4.2 strings.vcxproj", "{3AF13802-A1DF-4337-AC04-5FF9EF986888}"
EndProject
Project("{8BC9CEB8-8B4A-11D0-8D11-00A0C91BC942}") = "4.3 insrt1", "4.3 insrtl\4.3 insrtl.vcxproj", "{45B93A8F-BBBA-48DE-B6A9-5D43A2B085A2}"
EndProject
Project("{8BC9CEB8-8B4A-11D0-8D11-00A0C91BC942}") = "4.4 insrt2", "4.4 insrt2\4.4 insrt2.vcxproj", "{B9C3A74E-6CBA-4442-9E12-78338DDC449D}"
EndProject
Project("{8BC9CEB8-8B4A-11D0-8D11-00A0C91BC942}") = "4.5 insrt3", "4.5 insrt3\4.5 insrt3.vcxproj", "{857140C4-ED84-49CD-95E9-0581A074BACF}"
EndProject
Project("{8BC9CEB8-8B4A-11D0-8D11-00A0C91BC942}") = "4.6 numstr", "4.6 numstr\4.6 numstr.vcxproj", "{BB3ABED0-9DE4-4947-B4A3-3C6E7DBFE8F7}"
EndProject
Project("{8BC9CEB8-8B4A-11D0-8D11-00A0C91BC942}") = "4.7 strtype1", "strtype1\strtype1.vcxproj", "{549C2E19-F69B-442E-941F-399CB2936294}"
EndProject
Project("{8BC9CEB8-8B4A-11D0-8D11-00A0C91BC942}") = "4.8 strtype2", "4.8 strtype2\4.8 strtype2.vcxproj", "{73FB84F7-A2AF-4676-8060-77EF143749F2}"
EndProject
Project("{8BC9CEB8-8B4A-11D0-8D11-00A0C91BC942}") = "4.9 strtype3", "4.9 strtype3\4.9 strtype3.vcxproj", "{BF4D1927-4F4C-4EB3-BAE0-720F50F9676D}"
EndProject
Global
	GlobalSection(SolutionConfigurationPlatforms) = preSolution
		Debug|Any CPU = Debug|Any CPU
		Debug|x64 = Debug|x64
		Debug|x86 = Debug|x86
		Release|Any CPU = Release|Any CPU
		Release|x64 = Release|x64
		Release|x86 = Release|x86
	EndGlobalSection
	GlobalSection(ProjectConfigurationPlatforms) = postSolution
		{A3923229-A708-41DF-963F-451EDD0E5D86}.Debug|Any CPU.ActiveCfg = Debug|x64
		{A3923229-A708-41DF-963F-451EDD0E5D86}.Debug|Any CPU.Build.0 = Debug|x64
		{A3923229-A708-41DF-963F-451EDD0E5D86}.Debug|x64.ActiveCfg = Debug|x64
		{A3923229-A708-41DF-963F-451EDD0E5D86}.Debug|x64.Build.0 = Debug|x64
		{A3923229-A708-41DF-963F-451EDD0E5D86}.Debug|x86.ActiveCfg = Debug|Win32
		{A3923229-A708-41DF-963F-451EDD0E5D86}.Debug|x86.Build.0 = Debug|Win32
		{A3923229-A708-41DF-963F-451EDD0E5D86}.Release|Any CPU.ActiveCfg = Release|x64
		{A3923229-A708-41DF-963F-451EDD0E5D86}.Release|Any CPU.Build.0 = Release|x64
		{A3923229-A708-41DF-963F-451EDD0E5D86}.Release|x64.ActiveCfg = Release|x64
		{A3923229-A708-41DF-963F-451EDD0E5D86}.Release|x64.Build.0 = Release|x64
		{A3923229-A708-41DF-963F-451EDD0E5D86}.Release|x86.ActiveCfg = Release|Win32
		{A3923229-A708-41DF-963F-451EDD0E5D86}.Release|x86.Build.0 = Release|Win32
		{B573EE36-77F2-4920-80C8-3EB13C33B92D}.Debug|Any CPU.ActiveCfg = Debug|x64
		{B573EE36-77F2-4920-80C8-3EB13C33B92D}.Debug|Any CPU.Build.0 = Debug|x64
		{B573EE36-77F2-4920-80C8-3EB13C33B92D}.Debug|x64.ActiveCfg = Debug|x64
		{B573EE36-77F2-4920-80C8-3EB13C33B92D}.Debug|x64.Build.0 = Debug|x64
		{B573EE36-77F2-4920-80C8-3EB13C33B92D}.Debug|x86.ActiveCfg = Debug|Win32
		{B573EE36-77F2-4920-80C8-3EB13C33B92D}.Debug|x86.Build.0 = Debug|Win32
		{B573EE36-77F2-4920-80C8-3EB13C33B92D}.Release|Any CPU.ActiveCfg = Release|x64
		{B573EE36-77F2-4920-80C8-3EB13C33B92D}.Release|Any CPU.Build.0 = Release|x64
		{B573EE36-77F2-4920-80C8-3EB13C33B92D}.Release|x64.ActiveCfg = Release|x64
		{B573EE36-77F2-4920-80C8-3EB13C33B92D}.Release|x64.Build.0 = Release|x64
		{B573EE36-77F2-4920-80C8-3EB13C33B92D}.Release|x86.ActiveCfg = Release|Win32
		{B573EE36-77F2-4920-80C8-3EB13C33B92D}.Release|x86.Build.0 = Release|Win32
		{418E1CCC-BBBB-4E50-AD87-E8EC386A80B4}.Debug|Any CPU.ActiveCfg = Debug|x64
		{418E1CCC-BBBB-4E50-AD87-E8EC386A80B4}.Debug|Any CPU.Build.0 = Debug|x64
		{418E1CCC-BBBB-4E50-AD87-E8EC386A80B4}.Debug|x64.ActiveCfg = Debug|x64
		{418E1CCC-BBBB-4E50-AD87-E8EC386A80B4}.Debug|x64.Build.0 = Debug|x64
		{418E1CCC-BBBB-4E50-AD87-E8EC386A80B4}.Debug|x86.ActiveCfg = Debug|Win32
		{418E1CCC-BBBB-4E50-AD87-E8EC386A80B4}.Debug|x86.Build.0 = Debug|Win32
		{418E1CCC-BBBB-4E50-AD87-E8EC386A80B4}.Release|Any CPU.ActiveCfg = Release|x64
		{418E1CCC-BBBB-4E50-AD87-E8EC386A80B4}.Release|Any CPU.Build.0 = Release|x64
		{418E1CCC-BBBB-4E50-AD87-E8EC386A80B4}.Release|x64.ActiveCfg = Release|x64
		{418E1CCC-BBBB-4E50-AD87-E8EC386A80B4}.Release|x64.Build.0 = Release|x64
		{418E1CCC-BBBB-4E50-AD87-E8EC386A80B4}.Release|x86.ActiveCfg = Release|Win32
		{418E1CCC-BBBB-4E50-AD87-E8EC386A80B4}.Release|x86.Build.0 = Release|Win32
		{F1DD4706-78B5-4C9A-A21C-1B03F58CFE77}.Debug|Any CPU.ActiveCfg = Debug|x64
		{F1DD4706-78B5-4C9A-A21C-1B03F58CFE77}.Debug|Any CPU.Build.0 = Debug|x64
		{F1DD4706-78B5-4C9A-A21C-1B03F58CFE77}.Debug|x64.ActiveCfg = Debug|x64
		{F1DD4706-78B5-4C9A-A21C-1B03F58CFE77}.Debug|x64.Build.0 = Debug|x64
		{F1DD4706-78B5-4C9A-A21C-1B03F58CFE77}.Debug|x86.ActiveCfg = Debug|Win32
		{F1DD4706-78B5-4C9A-A21C-1B03F58CFE77}.Debug|x86.Build.0 = Debug|Win32
		{F1DD4706-78B5-4C9A-A21C-1B03F58CFE77}.Release|Any CPU.ActiveCfg = Release|x64
		{F1DD4706-78B5-4C9A-A21C-1B03F58CFE77}.Release|Any CPU.Build.0 = Release|x64
		{F1DD4706-78B5-4C9A-A21C-1B03F58CFE77}.Release|x64.ActiveCfg = Release|x64
		{F1DD4706-78B5-4C9A-A21C-1B03F58CFE77}.Release|x64.Build.0 = Release|x64
		{F1DD4706-78B5-4C9A-A21C-1B03F58CFE77}.Release|x86.ActiveCfg = Release|Win32
		{F1DD4706-78B5-4C9A-A21C-1B03F58CFE77}.Release|x86.Build.0 = Release|Win32
		{B300BD83-CA44-497D-9013-FCDD5700A048}.Debug|Any CPU.ActiveCfg = Debug|x64
		{B300BD83-CA44-497D-9013-FCDD5700A048}.Debug|Any CPU.Build.0 = Debug|x64
		{B300BD83-CA44-497D-9013-FCDD5700A048}.Debug|x64.ActiveCfg = Debug|x64
		{B300BD83-CA44-497D-9013-FCDD5700A048}.Debug|x64.Build.0 = Debug|x64
		{B300BD83-CA44-497D-9013-FCDD5700A048}.Debug|x86.ActiveCfg = Debug|Win32
		{B300BD83-CA44-497D-9013-FCDD5700A048}.Debug|x86.Build.0 = Debug|Win32
		{B300BD83-CA44-497D-9013-FCDD5700A048}.Release|Any CPU.ActiveCfg = Release|x64
		{B300BD83-CA44-497D-9013-FCDD5700A048}.Release|Any CPU.Build.0 = Release|x64
		{B300BD83-CA44-497D-9013-FCDD5700A048}.Release|x64.ActiveCfg = Release|x64
		{B300BD83-CA44-497D-9013-FCDD5700A048}.Release|x64.Build.0 = Release|x64
		{B300BD83-CA44-497D-9013-FCDD5700A048}.Release|x86.ActiveCfg = Release|Win32
		{B300BD83-CA44-497D-9013-FCDD5700A048}.Release|x86.Build.0 = Release|Win32
		{D868FEC5-9CF8-4EA1-A807-A3959364022C}.Debug|Any CPU.ActiveCfg = Debug|x64
		{D868FEC5-9CF8-4EA1-A807-A3959364022C}.Debug|Any CPU.Build.0 = Debug|x64
		{D868FEC5-9CF8-4EA1-A807-A3959364022C}.Debug|x64.ActiveCfg = Debug|x64
		{D868FEC5-9CF8-4EA1-A807-A3959364022C}.Debug|x64.Build.0 = Debug|x64
		{D868FEC5-9CF8-4EA1-A807-A3959364022C}.Debug|x86.ActiveCfg = Debug|Win32
		{D868FEC5-9CF8-4EA1-A807-A3959364022C}.Debug|x86.Build.0 = Debug|Win32
		{D868FEC5-9CF8-4EA1-A807-A3959364022C}.Release|Any CPU.ActiveCfg = Release|x64
		{D868FEC5-9CF8-4EA1-A807-A3959364022C}.Release|Any CPU.Build.0 = Release|x64
		{D868FEC5-9CF8-4EA1-A807-A3959364022C}.Release|x64.ActiveCfg = Release|x64
		{D868FEC5-9CF8-4EA1-A807-A3959364022C}.Release|x64.Build.0 = Release|x64
		{D868FEC5-9CF8-4EA1-A807-A3959364022C}.Release|x86.ActiveCfg = Release|Win32
		{D868FEC5-9CF8-4EA1-A807-A3959364022C}.Release|x86.Build.0 = Release|Win32
		{71C9C35D-9685-42AF-992C-5BEAA26D913F}.Debug|Any CPU.ActiveCfg = Debug|x64
		{71C9C35D-9685-42AF-992C-5BEAA26D913F}.Debug|Any CPU.Build.0 = Debug|x64
		{71C9C35D-9685-42AF-992C-5BEAA26D913F}.Debug|x64.ActiveCfg = Debug|x64
		{71C9C35D-9685-42AF-992C-5BEAA26D913F}.Debug|x64.Build.0 = Debug|x64
		{71C9C35D-9685-42AF-992C-5BEAA26D913F}.Debug|x86.ActiveCfg = Debug|Win32
		{71C9C35D-9685-42AF-992C-5BEAA26D913F}.Debug|x86.Build.0 = Debug|Win32
		{71C9C35D-9685-42AF-992C-5BEAA26D913F}.Release|Any CPU.ActiveCfg = Release|x64
		{71C9C35D-9685-42AF-992C-5BEAA26D913F}.Release|Any CPU.Build.0 = Release|x64
		{71C9C35D-9685-42AF-992C-5BEAA26D913F}.Release|x64.ActiveCfg = Release|x64
		{71C9C35D-9685-42AF-992C-5BEAA26D913F}.Release|x64.Build.0 = Release|x64
		{71C9C35D-9685-42AF-992C-5BEAA26D913F}.Release|x86.ActiveCfg = Release|Win32
		{71C9C35D-9685-42AF-992C-5BEAA26D913F}.Release|x86.Build.0 = Release|Win32
		{4720BA09-5D8D-4879-9680-A48271B3AA01}.Debug|Any CPU.ActiveCfg = Debug|x64
		{4720BA09-5D8D-4879-9680-A48271B3AA01}.Debug|Any CPU.Build.0 = Debug|x64
		{4720BA09-5D8D-4879-9680-A48271B3AA01}.Debug|x64.ActiveCfg = Debug|x64
		{4720BA09-5D8D-4879-9680-A48271B3AA01}.Debug|x64.Build.0 = Debug|x64
		{4720BA09-5D8D-4879-9680-A48271B3AA01}.Debug|x86.ActiveCfg = Debug|Win32
		{4720BA09-5D8D-4879-9680-A48271B3AA01}.Debug|x86.Build.0 = Debug|Win32
		{4720BA09-5D8D-4879-9680-A48271B3AA01}.Release|Any CPU.ActiveCfg = Release|x64
		{4720BA09-5D8D-4879-9680-A48271B3AA01}.Release|Any CPU.Build.0 = Release|x64
		{4720BA09-5D8D-4879-9680-A48271B3AA01}.Release|x64.ActiveCfg = Release|x64
		{4720BA09-5D8D-4879-9680-A48271B3AA01}.Release|x64.Build.0 = Release|x64
		{4720BA09-5D8D-4879-9680-A48271B3AA01}.Release|x86.ActiveCfg = Release|Win32
		{4720BA09-5D8D-4879-9680-A48271B3AA01}.Release|x86.Build.0 = Release|Win32
		{0C13FCB7-51ED-4DCA-96FB-C1AEF70CC9DD}.Debug|Any CPU.ActiveCfg = Debug|x64
		{0C13FCB7-51ED-4DCA-96FB-C1AEF70CC9DD}.Debug|Any CPU.Build.0 = Debug|x64
		{0C13FCB7-51ED-4DCA-96FB-C1AEF70CC9DD}.Debug|x64.ActiveCfg = Debug|x64
		{0C13FCB7-51ED-4DCA-96FB-C1AEF70CC9DD}.Debug|x64.Build.0 = Debug|x64
		{0C13FCB7-51ED-4DCA-96FB-C1AEF70CC9DD}.Debug|x86.ActiveCfg = Debug|Win32
		{0C13FCB7-51ED-4DCA-96FB-C1AEF70CC9DD}.Debug|x86.Build.0 = Debug|Win32
		{0C13FCB7-51ED-4DCA-96FB-C1AEF70CC9DD}.Release|Any CPU.ActiveCfg = Release|x64
		{0C13FCB7-51ED-4DCA-96FB-C1AEF70CC9DD}.Release|Any CPU.Build.0 = Release|x64
		{0C13FCB7-51ED-4DCA-96FB-C1AEF70CC9DD}.Release|x64.ActiveCfg = Release|x64
		{0C13FCB7-51ED-4DCA-96FB-C1AEF70CC9DD}.Release|x64.Build.0 = Release|x64
		{0C13FCB7-51ED-4DCA-96FB-C1AEF70CC9DD}.Release|x86.ActiveCfg = Release|Win32
		{0C13FCB7-51ED-4DCA-96FB-C1AEF70CC9DD}.Release|x86.Build.0 = Release|Win32
		{FD012AEE-9F45-4A56-925B-2DE8132886A5}.Debug|Any CPU.ActiveCfg = Debug|x64
		{FD012AEE-9F45-4A56-925B-2DE8132886A5}.Debug|Any CPU.Build.0 = Debug|x64
		{FD012AEE-9F45-4A56-925B-2DE8132886A5}.Debug|x64.ActiveCfg = Debug|x64
		{FD012AEE-9F45-4A56-925B-2DE8132886A5}.Debug|x64.Build.0 = Debug|x64
		{FD012AEE-9F45-4A56-925B-2DE8132886A5}.Debug|x86.ActiveCfg = Debug|Win32
		{FD012AEE-9F45-4A56-925B-2DE8132886A5}.Debug|x86.Build.0 = Debug|Win32
		{FD012AEE-9F45-4A56-925B-2DE8132886A5}.Release|Any CPU.ActiveCfg = Release|x64
		{FD012AEE-9F45-4A56-925B-2DE8132886A5}.Release|Any CPU.Build.0 = Release|x64
		{FD012AEE-9F45-4A56-925B-2DE8132886A5}.Release|x64.ActiveCfg = Release|x64
		{FD012AEE-9F45-4A56-925B-2DE8132886A5}.Release|x64.Build.0 = Release|x64
		{FD012AEE-9F45-4A56-925B-2DE8132886A5}.Release|x86.ActiveCfg = Release|Win32
		{FD012AEE-9F45-4A56-925B-2DE8132886A5}.Release|x86.Build.0 = Release|Win32
		{1FEDBFAB-362E-4C2E-999B-10F819658695}.Debug|Any CPU.ActiveCfg = Debug|x64
		{1FEDBFAB-362E-4C2E-999B-10F819658695}.Debug|Any CPU.Build.0 = Debug|x64
		{1FEDBFAB-362E-4C2E-999B-10F819658695}.Debug|x64.ActiveCfg = Debug|x64
		{1FEDBFAB-362E-4C2E-999B-10F819658695}.Debug|x64.Build.0 = Debug|x64
		{1FEDBFAB-362E-4C2E-999B-10F819658695}.Debug|x86.ActiveCfg = Debug|Win32
		{1FEDBFAB-362E-4C2E-999B-10F819658695}.Debug|x86.Build.0 = Debug|Win32
		{1FEDBFAB-362E-4C2E-999B-10F819658695}.Release|Any CPU.ActiveCfg = Release|x64
		{1FEDBFAB-362E-4C2E-999B-10F819658695}.Release|Any CPU.Build.0 = Release|x64
		{1FEDBFAB-362E-4C2E-999B-10F819658695}.Release|x64.ActiveCfg = Release|x64
		{1FEDBFAB-362E-4C2E-999B-10F819658695}.Release|x64.Build.0 = Release|x64
		{1FEDBFAB-362E-4C2E-999B-10F819658695}.Release|x86.ActiveCfg = Release|Win32
		{1FEDBFAB-362E-4C2E-999B-10F819658695}.Release|x86.Build.0 = Release|Win32
		{A70E6D9A-7695-41C7-8614-F847BA9C16CE}.Debug|Any CPU.ActiveCfg = Debug|x64
		{A70E6D9A-7695-41C7-8614-F847BA9C16CE}.Debug|Any CPU.Build.0 = Debug|x64
		{A70E6D9A-7695-41C7-8614-F847BA9C16CE}.Debug|x64.ActiveCfg = Debug|x64
		{A70E6D9A-7695-41C7-8614-F847BA9C16CE}.Debug|x64.Build.0 = Debug|x64
		{A70E6D9A-7695-41C7-8614-F847BA9C16CE}.Debug|x86.ActiveCfg = Debug|Win32
		{A70E6D9A-7695-41C7-8614-F847BA9C16CE}.Debug|x86.Build.0 = Debug|Win32
		{A70E6D9A-7695-41C7-8614-F847BA9C16CE}.Release|Any CPU.ActiveCfg = Release|x64
		{A70E6D9A-7695-41C7-8614-F847BA9C16CE}.Release|Any CPU.Build.0 = Release|x64
		{A70E6D9A-7695-41C7-8614-F847BA9C16CE}.Release|x64.ActiveCfg = Release|x64
		{A70E6D9A-7695-41C7-8614-F847BA9C16CE}.Release|x64.Build.0 = Release|x64
		{A70E6D9A-7695-41C7-8614-F847BA9C16CE}.Release|x86.ActiveCfg = Release|Win32
		{A70E6D9A-7695-41C7-8614-F847BA9C16CE}.Release|x86.Build.0 = Release|Win32
		{A5C19D46-99BD-4CB7-B0D8-826D08A314BC}.Debug|Any CPU.ActiveCfg = Debug|x64
		{A5C19D46-99BD-4CB7-B0D8-826D08A314BC}.Debug|Any CPU.Build.0 = Debug|x64
		{A5C19D46-99BD-4CB7-B0D8-826D08A314BC}.Debug|x64.ActiveCfg = Debug|x64
		{A5C19D46-99BD-4CB7-B0D8-826D08A314BC}.Debug|x64.Build.0 = Debug|x64
		{A5C19D46-99BD-4CB7-B0D8-826D08A314BC}.Debug|x86.ActiveCfg = Debug|Win32
		{A5C19D46-99BD-4CB7-B0D8-826D08A314BC}.Debug|x86.Build.0 = Debug|Win32
		{A5C19D46-99BD-4CB7-B0D8-826D08A314BC}.Release|Any CPU.ActiveCfg = Release|x64
		{A5C19D46-99BD-4CB7-B0D8-826D08A314BC}.Release|Any CPU.Build.0 = Release|x64
		{A5C19D46-99BD-4CB7-B0D8-826D08A314BC}.Release|x64.ActiveCfg = Release|x64
		{A5C19D46-99BD-4CB7-B0D8-826D08A314BC}.Release|x64.Build.0 = Release|x64
		{A5C19D46-99BD-4CB7-B0D8-826D08A314BC}.Release|x86.ActiveCfg = Release|Win32
		{A5C19D46-99BD-4CB7-B0D8-826D08A314BC}.Release|x86.Build.0 = Release|Win32
		{CE828B14-C034-4A4B-B7AA-2BB003DEA259}.Debug|Any CPU.ActiveCfg = Debug|x64
		{CE828B14-C034-4A4B-B7AA-2BB003DEA259}.Debug|Any CPU.Build.0 = Debug|x64
		{CE828B14-C034-4A4B-B7AA-2BB003DEA259}.Debug|x64.ActiveCfg = Debug|x64
		{CE828B14-C034-4A4B-B7AA-2BB003DEA259}.Debug|x64.Build.0 = Debug|x64
		{CE828B14-C034-4A4B-B7AA-2BB003DEA259}.Debug|x86.ActiveCfg = Debug|Win32
		{CE828B14-C034-4A4B-B7AA-2BB003DEA259}.Debug|x86.Build.0 = Debug|Win32
		{CE828B14-C034-4A4B-B7AA-2BB003DEA259}.Release|Any CPU.ActiveCfg = Release|x64
		{CE828B14-C034-4A4B-B7AA-2BB003DEA259}.Release|Any CPU.Build.0 = Release|x64
		{CE828B14-C034-4A4B-B7AA-2BB003DEA259}.Release|x64.ActiveCfg = Release|x64
		{CE828B14-C034-4A4B-B7AA-2BB003DEA259}.Release|x64.Build.0 = Release|x64
		{CE828B14-C034-4A4B-B7AA-2BB003DEA259}.Release|x86.ActiveCfg = Release|Win32
		{CE828B14-C034-4A4B-B7AA-2BB003DEA259}.Release|x86.Build.0 = Release|Win32
		{7C7A3174-8B5A-42CC-ACF1-02F73EBFF9BD}.Debug|Any CPU.ActiveCfg = Debug|x64
		{7C7A3174-8B5A-42CC-ACF1-02F73EBFF9BD}.Debug|Any CPU.Build.0 = Debug|x64
		{7C7A3174-8B5A-42CC-ACF1-02F73EBFF9BD}.Debug|x64.ActiveCfg = Debug|x64
		{7C7A3174-8B5A-42CC-ACF1-02F73EBFF9BD}.Debug|x64.Build.0 = Debug|x64
		{7C7A3174-8B5A-42CC-ACF1-02F73EBFF9BD}.Debug|x86.ActiveCfg = Debug|Win32
		{7C7A3174-8B5A-42CC-ACF1-02F73EBFF9BD}.Debug|x86.Build.0 = Debug|Win32
		{7C7A3174-8B5A-42CC-ACF1-02F73EBFF9BD}.Release|Any CPU.ActiveCfg = Release|x64
		{7C7A3174-8B5A-42CC-ACF1-02F73EBFF9BD}.Release|Any CPU.Build.0 = Release|x64
		{7C7A3174-8B5A-42CC-ACF1-02F73EBFF9BD}.Release|x64.ActiveCfg = Release|x64
		{7C7A3174-8B5A-42CC-ACF1-02F73EBFF9BD}.Release|x64.Build.0 = Release|x64
		{7C7A3174-8B5A-42CC-ACF1-02F73EBFF9BD}.Release|x86.ActiveCfg = Release|Win32
		{7C7A3174-8B5A-42CC-ACF1-02F73EBFF9BD}.Release|x86.Build.0 = Release|Win32
		{319D14C5-144D-480A-833D-B603C8B4C5E9}.Debug|Any CPU.ActiveCfg = Debug|x64
		{319D14C5-144D-480A-833D-B603C8B4C5E9}.Debug|Any CPU.Build.0 = Debug|x64
		{319D14C5-144D-480A-833D-B603C8B4C5E9}.Debug|x64.ActiveCfg = Debug|x64
		{319D14C5-144D-480A-833D-B603C8B4C5E9}.Debug|x64.Build.0 = Debug|x64
		{319D14C5-144D-480A-833D-B603C8B4C5E9}.Debug|x86.ActiveCfg = Debug|Win32
		{319D14C5-144D-480A-833D-B603C8B4C5E9}.Debug|x86.Build.0 = Debug|Win32
		{319D14C5-144D-480A-833D-B603C8B4C5E9}.Release|Any CPU.ActiveCfg = Release|x64
		{319D14C5-144D-480A-833D-B603C8B4C5E9}.Release|Any CPU.Build.0 = Release|x64
		{319D14C5-144D-480A-833D-B603C8B4C5E9}.Release|x64.ActiveCfg = Release|x64
		{319D14C5-144D-480A-833D-B603C8B4C5E9}.Release|x64.Build.0 = Release|x64
		{319D14C5-144D-480A-833D-B603C8B4C5E9}.Release|x86.ActiveCfg = Release|Win32
		{319D14C5-144D-480A-833D-B603C8B4C5E9}.Release|x86.Build.0 = Release|Win32
		{841C8D6D-D3ED-49B0-82E7-BA002EDCC673}.Debug|Any CPU.ActiveCfg = Debug|x64
		{841C8D6D-D3ED-49B0-82E7-BA002EDCC673}.Debug|Any CPU.Build.0 = Debug|x64
		{841C8D6D-D3ED-49B0-82E7-BA002EDCC673}.Debug|x64.ActiveCfg = Debug|x64
		{841C8D6D-D3ED-49B0-82E7-BA002EDCC673}.Debug|x64.Build.0 = Debug|x64
		{841C8D6D-D3ED-49B0-82E7-BA002EDCC673}.Debug|x86.ActiveCfg = Debug|Win32
		{841C8D6D-D3ED-49B0-82E7-BA002EDCC673}.Debug|x86.Build.0 = Debug|Win32
		{841C8D6D-D3ED-49B0-82E7-BA002EDCC673}.Release|Any CPU.ActiveCfg = Release|x64
		{841C8D6D-D3ED-49B0-82E7-BA002EDCC673}.Release|Any CPU.Build.0 = Release|x64
		{841C8D6D-D3ED-49B0-82E7-BA002EDCC673}.Release|x64.ActiveCfg = Release|x64
		{841C8D6D-D3ED-49B0-82E7-BA002EDCC673}.Release|x64.Build.0 = Release|x64
		{841C8D6D-D3ED-49B0-82E7-BA002EDCC673}.Release|x86.ActiveCfg = Release|Win32
		{841C8D6D-D3ED-49B0-82E7-BA002EDCC673}.Release|x86.Build.0 = Release|Win32
		{EB3A734F-DFE5-4FE4-A590-08548427BA65}.Debug|Any CPU.ActiveCfg = Debug|x64
		{EB3A734F-DFE5-4FE4-A590-08548427BA65}.Debug|Any CPU.Build.0 = Debug|x64
		{EB3A734F-DFE5-4FE4-A590-08548427BA65}.Debug|x64.ActiveCfg = Debug|x64
		{EB3A734F-DFE5-4FE4-A590-08548427BA65}.Debug|x64.Build.0 = Debug|x64
		{EB3A734F-DFE5-4FE4-A590-08548427BA65}.Debug|x86.ActiveCfg = Debug|Win32
		{EB3A734F-DFE5-4FE4-A590-08548427BA65}.Debug|x86.Build.0 = Debug|Win32
		{EB3A734F-DFE5-4FE4-A590-08548427BA65}.Release|Any CPU.ActiveCfg = Release|x64
		{EB3A734F-DFE5-4FE4-A590-08548427BA65}.Release|Any CPU.Build.0 = Release|x64
		{EB3A734F-DFE5-4FE4-A590-08548427BA65}.Release|x64.ActiveCfg = Release|x64
		{EB3A734F-DFE5-4FE4-A590-08548427BA65}.Release|x64.Build.0 = Release|x64
		{EB3A734F-DFE5-4FE4-A590-08548427BA65}.Release|x86.ActiveCfg = Release|Win32
		{EB3A734F-DFE5-4FE4-A590-08548427BA65}.Release|x86.Build.0 = Release|Win32
		{974C1243-7D80-4838-8204-C690CD2A6904}.Debug|Any CPU.ActiveCfg = Debug|x64
		{974C1243-7D80-4838-8204-C690CD2A6904}.Debug|Any CPU.Build.0 = Debug|x64
		{974C1243-7D80-4838-8204-C690CD2A6904}.Debug|x64.ActiveCfg = Debug|x64
		{974C1243-7D80-4838-8204-C690CD2A6904}.Debug|x64.Build.0 = Debug|x64
		{974C1243-7D80-4838-8204-C690CD2A6904}.Debug|x86.ActiveCfg = Debug|Win32
		{974C1243-7D80-4838-8204-C690CD2A6904}.Debug|x86.Build.0 = Debug|Win32
		{974C1243-7D80-4838-8204-C690CD2A6904}.Release|Any CPU.ActiveCfg = Release|x64
		{974C1243-7D80-4838-8204-C690CD2A6904}.Release|Any CPU.Build.0 = Release|x64
		{974C1243-7D80-4838-8204-C690CD2A6904}.Release|x64.ActiveCfg = Release|x64
		{974C1243-7D80-4838-8204-C690CD2A6904}.Release|x64.Build.0 = Release|x64
		{974C1243-7D80-4838-8204-C690CD2A6904}.Release|x86.ActiveCfg = Release|Win32
		{974C1243-7D80-4838-8204-C690CD2A6904}.Release|x86.Build.0 = Release|Win32
		{B74BC19C-F8C8-41EA-8005-DEE748937F96}.Debug|Any CPU.ActiveCfg = Debug|x64
		{B74BC19C-F8C8-41EA-8005-DEE748937F96}.Debug|Any CPU.Build.0 = Debug|x64
		{B74BC19C-F8C8-41EA-8005-DEE748937F96}.Debug|x64.ActiveCfg = Debug|x64
		{B74BC19C-F8C8-41EA-8005-DEE748937F96}.Debug|x64.Build.0 = Debug|x64
		{B74BC19C-F8C8-41EA-8005-DEE748937F96}.Debug|x86.ActiveCfg = Debug|Win32
		{B74BC19C-F8C8-41EA-8005-DEE748937F96}.Debug|x86.Build.0 = Debug|Win32
		{B74BC19C-F8C8-41EA-8005-DEE748937F96}.Release|Any CPU.ActiveCfg = Release|x64
		{B74BC19C-F8C8-41EA-8005-DEE748937F96}.Release|Any CPU.Build.0 = Release|x64
		{B74BC19C-F8C8-41EA-8005-DEE748937F96}.Release|x64.ActiveCfg = Release|x64
		{B74BC19C-F8C8-41EA-8005-DEE748937F96}.Release|x64.Build.0 = Release|x64
		{B74BC19C-F8C8-41EA-8005-DEE748937F96}.Release|x86.ActiveCfg = Release|Win32
		{B74BC19C-F8C8-41EA-8005-DEE748937F96}.Release|x86.Build.0 = Release|Win32
		{07504E5A-C2B5-4C9C-9A97-0D4DB905EE65}.Debug|Any CPU.ActiveCfg = Debug|x64
		{07504E5A-C2B5-4C9C-9A97-0D4DB905EE65}.Debug|Any CPU.Build.0 = Debug|x64
		{07504E5A-C2B5-4C9C-9A97-0D4DB905EE65}.Debug|x64.ActiveCfg = Debug|x64
		{07504E5A-C2B5-4C9C-9A97-0D4DB905EE65}.Debug|x64.Build.0 = Debug|x64
		{07504E5A-C2B5-4C9C-9A97-0D4DB905EE65}.Debug|x86.ActiveCfg = Debug|Win32
		{07504E5A-C2B5-4C9C-9A97-0D4DB905EE65}.Debug|x86.Build.0 = Debug|Win32
		{07504E5A-C2B5-4C9C-9A97-0D4DB905EE65}.Release|Any CPU.ActiveCfg = Release|x64
		{07504E5A-C2B5-4C9C-9A97-0D4DB905EE65}.Release|Any CPU.Build.0 = Release|x64
		{07504E5A-C2B5-4C9C-9A97-0D4DB905EE65}.Release|x64.ActiveCfg = Release|x64
		{07504E5A-C2B5-4C9C-9A97-0D4DB905EE65}.Release|x64.Build.0 = Release|x64
		{07504E5A-C2B5-4C9C-9A97-0D4DB905EE65}.Release|x86.ActiveCfg = Release|Win32
		{07504E5A-C2B5-4C9C-9A97-0D4DB905EE65}.Release|x86.Build.0 = Release|Win32
		{22A09CC8-6A4D-4A38-B3BF-B6143D214DFB}.Debug|Any CPU.ActiveCfg = Debug|x64
		{22A09CC8-6A4D-4A38-B3BF-B6143D214DFB}.Debug|Any CPU.Build.0 = Debug|x64
		{22A09CC8-6A4D-4A38-B3BF-B6143D214DFB}.Debug|x64.ActiveCfg = Debug|x64
		{22A09CC8-6A4D-4A38-B3BF-B6143D214DFB}.Debug|x64.Build.0 = Debug|x64
		{22A09CC8-6A4D-4A38-B3BF-B6143D214DFB}.Debug|x86.ActiveCfg = Debug|Win32
		{22A09CC8-6A4D-4A38-B3BF-B6143D214DFB}.Debug|x86.Build.0 = Debug|Win32
		{22A09CC8-6A4D-4A38-B3BF-B6143D214DFB}.Release|Any CPU.ActiveCfg = Release|x64
		{22A09CC8-6A4D-4A38-B3BF-B6143D214DFB}.Release|Any CPU.Build.0 = Release|x64
		{22A09CC8-6A4D-4A38-B3BF-B6143D214DFB}.Release|x64.ActiveCfg = Release|x64
		{22A09CC8-6A4D-4A38-B3BF-B6143D214DFB}.Release|x64.Build.0 = Release|x64
		{22A09CC8-6A4D-4A38-B3BF-B6143D214DFB}.Release|x86.ActiveCfg = Release|Win32
		{22A09CC8-6A4D-4A38-B3BF-B6143D214DFB}.Release|x86.Build.0 = Release|Win32
		{3AF13802-A1DF-4337-AC04-5FF9EF986888}.Debug|Any CPU.ActiveCfg = Debug|x64
		{3AF13802-A1DF-4337-AC04-5FF9EF986888}.Debug|Any CPU.Build.0 = Debug|x64
		{3AF13802-A1DF-4337-AC04-5FF9EF986888}.Debug|x64.ActiveCfg = Debug|x64
		{3AF13802-A1DF-4337-AC04-5FF9EF986888}.Debug|x64.Build.0 = Debug|x64
		{3AF13802-A1DF-4337-AC04-5FF9EF986888}.Debug|x86.ActiveCfg = Debug|Win32
		{3AF13802-A1DF-4337-AC04-5FF9EF986888}.Debug|x86.Build.0 = Debug|Win32
		{3AF13802-A1DF-4337-AC04-5FF9EF986888}.Release|Any CPU.ActiveCfg = Release|x64
		{3AF13802-A1DF-4337-AC04-5FF9EF986888}.Release|Any CPU.Build.0 = Release|x64
		{3AF13802-A1DF-4337-AC04-5FF9EF986888}.Release|x64.ActiveCfg = Release|x64
		{3AF13802-A1DF-4337-AC04-5FF9EF986888}.Release|x64.Build.0 = Release|x64
		{3AF13802-A1DF-4337-AC04-5FF9EF986888}.Release|x86.ActiveCfg = Release|Win32
		{3AF13802-A1DF-4337-AC04-5FF9EF986888}.Release|x86.Build.0 = Release|Win32
		{45B93A8F-BBBA-48DE-B6A9-5D43A2B085A2}.Debug|Any CPU.ActiveCfg = Debug|x64
		{45B93A8F-BBBA-48DE-B6A9-5D43A2B085A2}.Debug|Any CPU.Build.0 = Debug|x64
		{45B93A8F-BBBA-48DE-B6A9-5D43A2B085A2}.Debug|x64.ActiveCfg = Debug|x64
		{45B93A8F-BBBA-48DE-B6A9-5D43A2B085A2}.Debug|x64.Build.0 = Debug|x64
		{45B93A8F-BBBA-48DE-B6A9-5D43A2B085A2}.Debug|x86.ActiveCfg = Debug|Win32
		{45B93A8F-BBBA-48DE-B6A9-5D43A2B085A2}.Debug|x86.Build.0 = Debug|Win32
		{45B93A8F-BBBA-48DE-B6A9-5D43A2B085A2}.Release|Any CPU.ActiveCfg = Release|x64
		{45B93A8F-BBBA-48DE-B6A9-5D43A2B085A2}.Release|Any CPU.Build.0 = Release|x64
		{45B93A8F-BBBA-48DE-B6A9-5D43A2B085A2}.Release|x64.ActiveCfg = Release|x64
		{45B93A8F-BBBA-48DE-B6A9-5D43A2B085A2}.Release|x64.Build.0 = Release|x64
		{45B93A8F-BBBA-48DE-B6A9-5D43A2B085A2}.Release|x86.ActiveCfg = Release|Win32
		{45B93A8F-BBBA-48DE-B6A9-5D43A2B085A2}.Release|x86.Build.0 = Release|Win32
		{B9C3A74E-6CBA-4442-9E12-78338DDC449D}.Debug|Any CPU.ActiveCfg = Debug|x64
		{B9C3A74E-6CBA-4442-9E12-78338DDC449D}.Debug|Any CPU.Build.0 = Debug|x64
		{B9C3A74E-6CBA-4442-9E12-78338DDC449D}.Debug|x64.ActiveCfg = Debug|x64
		{B9C3A74E-6CBA-4442-9E12-78338DDC449D}.Debug|x64.Build.0 = Debug|x64
		{B9C3A74E-6CBA-4442-9E12-78338DDC449D}.Debug|x86.ActiveCfg = Debug|Win32
		{B9C3A74E-6CBA-4442-9E12-78338DDC449D}.Debug|x86.Build.0 = Debug|Win32
		{B9C3A74E-6CBA-4442-9E12-78338DDC449D}.Release|Any CPU.ActiveCfg = Release|x64
		{B9C3A74E-6CBA-4442-9E12-78338DDC449D}.Release|Any CPU.Build.0 = Release|x64
		{B9C3A74E-6CBA-4442-9E12-78338DDC449D}.Release|x64.ActiveCfg = Release|x64
		{B9C3A74E-6CBA-4442-9E12-78338DDC449D}.Release|x64.Build.0 = Release|x64
		{B9C3A74E-6CBA-4442-9E12-78338DDC449D}.Release|x86.ActiveCfg = Release|Win32
		{B9C3A74E-6CBA-4442-9E12-78338DDC449D}.Release|x86.Build.0 = Release|Win32
		{857140C4-ED84-49CD-95E9-0581A074BACF}.Debug|Any CPU.ActiveCfg = Debug|x64
		{857140C4-ED84-49CD-95E9-0581A074BACF}.Debug|Any CPU.Build.0 = Debug|x64
		{857140C4-ED84-49CD-95E9-0581A074BACF}.Debug|x64.ActiveCfg = Debug|x64
		{857140C4-ED84-49CD-95E9-0581A074BACF}.Debug|x64.Build.0 = Debug|x64
		{857140C4-ED84-49CD-95E9-0581A074BACF}.Debug|x86.ActiveCfg = Debug|Win32
		{857140C4-ED84-49CD-95E9-0581A074BACF}.Debug|x86.Build.0 = Debug|Win32
		{857140C4-ED84-49CD-95E9-0581A074BACF}.Release|Any CPU.ActiveCfg = Release|x64
		{857140C4-ED84-49CD-95E9-0581A074BACF}.Release|Any CPU.Build.0 = Release|x64
		{857140C4-ED84-49CD-95E9-0581A074BACF}.Release|x64.ActiveCfg = Release|x64
		{857140C4-ED84-49CD-95E9-0581A074BACF}.Release|x64.Build.0 = Release|x64
		{857140C4-ED84-49CD-95E9-0581A074BACF}.Release|x86.ActiveCfg = Release|Win32
		{857140C4-ED84-49CD-95E9-0581A074BACF}.Release|x86.Build.0 = Release|Win32
		{BB3ABED0-9DE4-4947-B4A3-3C6E7DBFE8F7}.Debug|Any CPU.ActiveCfg = Debug|x64
		{BB3ABED0-9DE4-4947-B4A3-3C6E7DBFE8F7}.Debug|Any CPU.Build.0 = Debug|x64
		{BB3ABED0-9DE4-4947-B4A3-3C6E7DBFE8F7}.Debug|x64.ActiveCfg = Debug|x64
		{BB3ABED0-9DE4-4947-B4A3-3C6E7DBFE8F7}.Debug|x64.Build.0 = Debug|x64
		{BB3ABED0-9DE4-4947-B4A3-3C6E7DBFE8F7}.Debug|x86.ActiveCfg = Debug|Win32
		{BB3ABED0-9DE4-4947-B4A3-3C6E7DBFE8F7}.Debug|x86.Build.0 = Debug|Win32
		{BB3ABED0-9DE4-4947-B4A3-3C6E7DBFE8F7}.Release|Any CPU.ActiveCfg = Release|x64
		{BB3ABED0-9DE4-4947-B4A3-3C6E7DBFE8F7}.Release|Any CPU.Build.0 = Release|x64
		{BB3ABED0-9DE4-4947-B4A3-3C6E7DBFE8F7}.Release|x64.ActiveCfg = Release|x64
		{BB3ABED0-9DE4-4947-B4A3-3C6E7DBFE8F7}.Release|x64.Build.0 = Release|x64
		{BB3ABED0-9DE4-4947-B4A3-3C6E7DBFE8F7}.Release|x86.ActiveCfg = Release|Win32
		{BB3ABED0-9DE4-4947-B4A3-3C6E7DBFE8F7}.Release|x86.Build.0 = Release|Win32
		{549C2E19-F69B-442E-941F-399CB2936294}.Debug|Any CPU.ActiveCfg = Debug|x64
		{549C2E19-F69B-442E-941F-399CB2936294}.Debug|Any CPU.Build.0 = Debug|x64
		{549C2E19-F69B-442E-941F-399CB2936294}.Debug|x64.ActiveCfg = Debug|x64
		{549C2E19-F69B-442E-941F-399CB2936294}.Debug|x64.Build.0 = Debug|x64
		{549C2E19-F69B-442E-941F-399CB2936294}.Debug|x86.ActiveCfg = Debug|Win32
		{549C2E19-F69B-442E-941F-399CB2936294}.Debug|x86.Build.0 = Debug|Win32
		{549C2E19-F69B-442E-941F-399CB2936294}.Release|Any CPU.ActiveCfg = Release|x64
		{549C2E19-F69B-442E-941F-399CB2936294}.Release|Any CPU.Build.0 = Release|x64
		{549C2E19-F69B-442E-941F-399CB2936294}.Release|x64.ActiveCfg = Release|x64
		{549C2E19-F69B-442E-941F-399CB2936294}.Release|x64.Build.0 = Release|x64
		{549C2E19-F69B-442E-941F-399CB2936294}.Release|x86.ActiveCfg = Release|Win32
		{549C2E19-F69B-442E-941F-399CB2936294}.Release|x86.Build.0 = Release|Win32
		{73FB84F7-A2AF-4676-8060-77EF143749F2}.Debug|Any CPU.ActiveCfg = Debug|x64
		{73FB84F7-A2AF-4676-8060-77EF143749F2}.Debug|Any CPU.Build.0 = Debug|x64
		{73FB84F7-A2AF-4676-8060-77EF143749F2}.Debug|x64.ActiveCfg = Debug|x64
		{73FB84F7-A2AF-4676-8060-77EF143749F2}.Debug|x64.Build.0 = Debug|x64
		{73FB84F7-A2AF-4676-8060-77EF143749F2}.Debug|x86.ActiveCfg = Debug|Win32
		{73FB84F7-A2AF-4676-8060-77EF143749F2}.Debug|x86.Build.0 = Debug|Win32
		{73FB84F7-A2AF-4676-8060-77EF143749F2}.Release|Any CPU.ActiveCfg = Release|x64
		{73FB84F7-A2AF-4676-8060-77EF143749F2}.Release|Any CPU.Build.0 = Release|x64
		{73FB84F7-A2AF-4676-8060-77EF143749F2}.Release|x64.ActiveCfg = Release|x64
		{73FB84F7-A2AF-4676-8060-77EF143749F2}.Release|x64.Build.0 = Release|x64
		{73FB84F7-A2AF-4676-8060-77EF143749F2}.Release|x86.ActiveCfg = Release|Win32
		{73FB84F7-A2AF-4676-8060-77EF143749F2}.Release|x86.Build.0 = Release|Win32
		{BF4D1927-4F4C-4EB3-BAE0-720F50F9676D}.Debug|Any CPU.ActiveCfg = Debug|x64
		{BF4D1927-4F4C-4EB3-BAE0-720F50F9676D}.Debug|Any CPU.Build.0 = Debug|x64
		{BF4D1927-4F4C-4EB3-BAE0-720F50F9676D}.Debug|x64.ActiveCfg = Debug|x64
		{BF4D1927-4F4C-4EB3-BAE0-720F50F9676D}.Debug|x64.Build.0 = Debug|x64
		{BF4D1927-4F4C-4EB3-BAE0-720F50F9676D}.Debug|x86.ActiveCfg = Debug|Win32
		{BF4D1927-4F4C-4EB3-BAE0-720F50F9676D}.Debug|x86.Build.0 = Debug|Win32
		{BF4D1927-4F4C-4EB3-BAE0-720F50F9676D}.Release|Any CPU.ActiveCfg = Release|x64
		{BF4D1927-4F4C-4EB3-BAE0-720F50F9676D}.Release|Any CPU.Build.0 = Release|x64
		{BF4D1927-4F4C-4EB3-BAE0-720F50F9676D}.Release|x64.ActiveCfg = Release|x64
		{BF4D1927-4F4C-4EB3-BAE0-720F50F9676D}.Release|x64.Build.0 = Release|x64
		{BF4D1927-4F4C-4EB3-BAE0-720F50F9676D}.Release|x86.ActiveCfg = Release|Win32
		{BF4D1927-4F4C-4EB3-BAE0-720F50F9676D}.Release|x86.Build.0 = Release|Win32
	EndGlobalSection
	GlobalSection(SolutionProperties) = preSolution
		HideSolutionNode = FALSE
	EndGlobalSection
	GlobalSection(ExtensibilityGlobals) = postSolution
		SolutionGuid = {0928A013-64B5-4FF3-9879-81CB6E04CF15}
	EndGlobalSection
EndGlobal
